// !$*UTF8*$!
{
	archiveVersion = 1;
	classes = {
	};
	objectVersion = 46;
	objects = {

/* Begin PBXBuildFile section */
		69557D411D177CBD00C57A61 /* User1ViewController.m in Sources */ = {isa = PBXBuildFile; fileRef = 69557D3F1D177CBD00C57A61 /* User1ViewController.m */; };
		69557D421D177CBD00C57A61 /* User1ViewController.xib in Resources */ = {isa = PBXBuildFile; fileRef = 69557D401D177CBD00C57A61 /* User1ViewController.xib */; };
		69557D4C1D177F4300C57A61 /* 关于我们.png in Resources */ = {isa = PBXBuildFile; fileRef = 69557D461D177F4300C57A61 /* 关于我们.png */; };
		69557D4D1D177F4300C57A61 /* 夜间模式.png in Resources */ = {isa = PBXBuildFile; fileRef = 69557D471D177F4300C57A61 /* 夜间模式.png */; };
		69557D4E1D177F4300C57A61 /* 完善信息.png in Resources */ = {isa = PBXBuildFile; fileRef = 69557D481D177F4300C57A61 /* 完善信息.png */; };
		69557D4F1D177F4300C57A61 /* 收藏.png in Resources */ = {isa = PBXBuildFile; fileRef = 69557D491D177F4300C57A61 /* 收藏.png */; };
		69557D501D177F4300C57A61 /* 清除缓存.png in Resources */ = {isa = PBXBuildFile; fileRef = 69557D4A1D177F4300C57A61 /* 清除缓存.png */; };
		69557D511D177F4300C57A61 /* 版本更新.png in Resources */ = {isa = PBXBuildFile; fileRef = 69557D4B1D177F4300C57A61 /* 版本更新.png */; };
		69557D5A1D178E4400C57A61 /* DetailsViewController.m in Sources */ = {isa = PBXBuildFile; fileRef = 69557D581D178E4400C57A61 /* DetailsViewController.m */; };
		69557D5B1D178E4400C57A61 /* DetailsViewController.xib in Resources */ = {isa = PBXBuildFile; fileRef = 69557D591D178E4400C57A61 /* DetailsViewController.xib */; };
		69C95C181D18DB310092E1E6 /* GiFHUD.m in Sources */ = {isa = PBXBuildFile; fileRef = 69C95C151D18DB310092E1E6 /* GiFHUD.m */; };
		69C95C191D18DB310092E1E6 /* pika.gif in Resources */ = {isa = PBXBuildFile; fileRef = 69C95C161D18DB310092E1E6 /* pika.gif */; };
		69C95C1A1D18DB310092E1E6 /* qiche.gif in Resources */ = {isa = PBXBuildFile; fileRef = 69C95C171D18DB310092E1E6 /* qiche.gif */; };
		69C95C1C1D18E46D0092E1E6 /* 详情页面背景.jpg in Resources */ = {isa = PBXBuildFile; fileRef = 69C95C1B1D18E46D0092E1E6 /* 详情页面背景.jpg */; };
		7E36B5431D17CEC60090921E /* PerfectInformationViewController.m in Sources */ = {isa = PBXBuildFile; fileRef = 7E36B5411D17CEC60090921E /* PerfectInformationViewController.m */; };
		7E36B5441D17CEC60090921E /* PerfectInformationViewController.xib in Resources */ = {isa = PBXBuildFile; fileRef = 7E36B5421D17CEC60090921E /* PerfectInformationViewController.xib */; };
		D19FD1F61D14134E00640D4B /* HomeCollectionViewCell.m in Sources */ = {isa = PBXBuildFile; fileRef = D19FD1F51D14134E00640D4B /* HomeCollectionViewCell.m */; };
		D19FD2001D141BA200640D4B /* NavigationViewController.m in Sources */ = {isa = PBXBuildFile; fileRef = D19FD1FE1D141BA200640D4B /* NavigationViewController.m */; };
		D19FD2011D141BA200640D4B /* NavigationViewController.xib in Resources */ = {isa = PBXBuildFile; fileRef = D19FD1FF1D141BA200640D4B /* NavigationViewController.xib */; };
		D19FD2061D141C5800640D4B /* PathViewController.m in Sources */ = {isa = PBXBuildFile; fileRef = D19FD2041D141C5800640D4B /* PathViewController.m */; };
		D19FD2071D141C5800640D4B /* PathViewController.xib in Resources */ = {isa = PBXBuildFile; fileRef = D19FD2051D141C5800640D4B /* PathViewController.xib */; };
		D19FD20C1D141CB200640D4B /* LocationViewController.m in Sources */ = {isa = PBXBuildFile; fileRef = D19FD20A1D141CB200640D4B /* LocationViewController.m */; };
		D19FD20D1D141CB200640D4B /* LocationViewController.xib in Resources */ = {isa = PBXBuildFile; fileRef = D19FD20B1D141CB200640D4B /* LocationViewController.xib */; };
		D63FC11F1D14E7010054ABBA /* DefaultAvatar.png in Resources */ = {isa = PBXBuildFile; fileRef = D63FC11D1D14E7010054ABBA /* DefaultAvatar.png */; };
		D63FC1201D14E7010054ABBA /* DefaultAvatar@2x.png in Resources */ = {isa = PBXBuildFile; fileRef = D63FC11E1D14E7010054ABBA /* DefaultAvatar@2x.png */; };
		D63FC1221D14EEC50054ABBA /* 下一页.png in Resources */ = {isa = PBXBuildFile; fileRef = D63FC1211D14EEC50054ABBA /* 下一页.png */; };
		D63FC1241D14EFE00054ABBA /* 个人页背景.jpg in Resources */ = {isa = PBXBuildFile; fileRef = D63FC1231D14EFE00054ABBA /* 个人页背景.jpg */; };
		D6759D6E1D13874900EE5743 /* main.m in Sources */ = {isa = PBXBuildFile; fileRef = D6759D6D1D13874900EE5743 /* main.m */; };
		D6759D741D13874900EE5743 /* ViewController.m in Sources */ = {isa = PBXBuildFile; fileRef = D6759D731D13874900EE5743 /* ViewController.m */; };
		D6759D771D13874900EE5743 /* Main.storyboard in Resources */ = {isa = PBXBuildFile; fileRef = D6759D751D13874900EE5743 /* Main.storyboard */; };
		D6759D791D13874900EE5743 /* Assets.xcassets in Resources */ = {isa = PBXBuildFile; fileRef = D6759D781D13874900EE5743 /* Assets.xcassets */; };
		D6759D7C1D13874900EE5743 /* LaunchScreen.storyboard in Resources */ = {isa = PBXBuildFile; fileRef = D6759D7A1D13874900EE5743 /* LaunchScreen.storyboard */; };
		D6759E271D138AA400EE5743 /* AppDelegate.m in Sources */ = {isa = PBXBuildFile; fileRef = D6759D861D138AA400EE5743 /* AppDelegate.m */; };
		D6759E281D138AA400EE5743 /* CustomTabBar.m in Sources */ = {isa = PBXBuildFile; fileRef = D6759D881D138AA400EE5743 /* CustomTabBar.m */; };
		D6759E291D138AA400EE5743 /* RootViewController.m in Sources */ = {isa = PBXBuildFile; fileRef = D6759D8A1D138AA400EE5743 /* RootViewController.m */; };
		D6759E2A1D138AA400EE5743 /* SendButton.m in Sources */ = {isa = PBXBuildFile; fileRef = D6759D8C1D138AA400EE5743 /* SendButton.m */; };
		D6759E2B1D138AA400EE5743 /* HP_DataBaseTool.m in Sources */ = {isa = PBXBuildFile; fileRef = D6759D8F1D138AA400EE5743 /* HP_DataBaseTool.m */; };
		D6759E2C1D138AA400EE5743 /* UIImage+imageContentWithColor.m in Sources */ = {isa = PBXBuildFile; fileRef = D6759D911D138AA400EE5743 /* UIImage+imageContentWithColor.m */; };
		D6759E2D1D138AA400EE5743 /* 2.jpg in Resources */ = {isa = PBXBuildFile; fileRef = D6759D931D138AA400EE5743 /* 2.jpg */; };
		D6759E2E1D138AA400EE5743 /* 3.jpg in Resources */ = {isa = PBXBuildFile; fileRef = D6759D941D138AA400EE5743 /* 3.jpg */; };
		D6759E2F1D138AA400EE5743 /* 4.jpg in Resources */ = {isa = PBXBuildFile; fileRef = D6759D951D138AA400EE5743 /* 4.jpg */; };
		D6759E301D138AA400EE5743 /* a0146d086e061d95e1a708c179f40ad163d9ca7f.jpg in Resources */ = {isa = PBXBuildFile; fileRef = D6759D961D138AA400EE5743 /* a0146d086e061d95e1a708c179f40ad163d9ca7f.jpg */; };
		D6759E311D138AA400EE5743 /* fujin.jpg in Resources */ = {isa = PBXBuildFile; fileRef = D6759D971D138AA400EE5743 /* fujin.jpg */; };
		D6759E331D138AA400EE5743 /* Unknown.png in Resources */ = {isa = PBXBuildFile; fileRef = D6759D991D138AA400EE5743 /* Unknown.png */; };
		D6759E351D138AA400EE5743 /* 个人 (1).png in Resources */ = {isa = PBXBuildFile; fileRef = D6759D9B1D138AA400EE5743 /* 个人 (1).png */; };
		D6759E361D138AA400EE5743 /* 个人 (2).png in Resources */ = {isa = PBXBuildFile; fileRef = D6759D9C1D138AA400EE5743 /* 个人 (2).png */; };
		D6759E371D138AA400EE5743 /* 主页(4).png in Resources */ = {isa = PBXBuildFile; fileRef = D6759D9D1D138AA400EE5743 /* 主页(4).png */; };
		D6759E381D138AA400EE5743 /* 主页.png in Resources */ = {isa = PBXBuildFile; fileRef = D6759D9E1D138AA400EE5743 /* 主页.png */; };
		D6759E391D138AA400EE5743 /* 位置.png in Resources */ = {isa = PBXBuildFile; fileRef = D6759D9F1D138AA400EE5743 /* 位置.png */; };
		D6759E3A1D138AA400EE5743 /* 保存 (1).png in Resources */ = {isa = PBXBuildFile; fileRef = D6759DA01D138AA400EE5743 /* 保存 (1).png */; };
		D6759E3B1D138AA400EE5743 /* 全国按钮@2x.png in Resources */ = {isa = PBXBuildFile; fileRef = D6759DA11D138AA400EE5743 /* 全国按钮@2x.png */; };
		D6759E3C1D138AA400EE5743 /* 加号.png in Resources */ = {isa = PBXBuildFile; fileRef = D6759DA21D138AA400EE5743 /* 加号.png */; };
		D6759E3D1D138AA400EE5743 /* 反馈.png in Resources */ = {isa = PBXBuildFile; fileRef = D6759DA31D138AA400EE5743 /* 反馈.png */; };
		D6759E3E1D138AA400EE5743 /* 发布 (1).png in Resources */ = {isa = PBXBuildFile; fileRef = D6759DA41D138AA400EE5743 /* 发布 (1).png */; };
		D6759E3F1D138AA400EE5743 /* 发布.png in Resources */ = {isa = PBXBuildFile; fileRef = D6759DA51D138AA400EE5743 /* 发布.png */; };
		D6759E401D138AA400EE5743 /* 发现.png in Resources */ = {isa = PBXBuildFile; fileRef = D6759DA61D138AA400EE5743 /* 发现.png */; };
		D6759E411D138AA400EE5743 /* 向右.png in Resources */ = {isa = PBXBuildFile; fileRef = D6759DA71D138AA400EE5743 /* 向右.png */; };
		D6759E421D138AA400EE5743 /* 图片.png in Resources */ = {isa = PBXBuildFile; fileRef = D6759DA81D138AA400EE5743 /* 图片.png */; };
		D6759E431D138AA400EE5743 /* 地图 (3).png in Resources */ = {isa = PBXBuildFile; fileRef = D6759DA91D138AA400EE5743 /* 地图 (3).png */; };
		D6759E441D138AA400EE5743 /* 地图.png in Resources */ = {isa = PBXBuildFile; fileRef = D6759DAA1D138AA400EE5743 /* 地图.png */; };
		D6759E451D138AA400EE5743 /* 头像.png in Resources */ = {isa = PBXBuildFile; fileRef = D6759DAB1D138AA400EE5743 /* 头像.png */; };
		D6759E461D138AA400EE5743 /* 密码2.png in Resources */ = {isa = PBXBuildFile; fileRef = D6759DAC1D138AA400EE5743 /* 密码2.png */; };
		D6759E481D138AA400EE5743 /* 拍照按钮 (1).png in Resources */ = {isa = PBXBuildFile; fileRef = D6759DAE1D138AA400EE5743 /* 拍照按钮 (1).png */; };
		D6759E491D138AA400EE5743 /* 拍照按钮 (2).png in Resources */ = {isa = PBXBuildFile; fileRef = D6759DAF1D138AA400EE5743 /* 拍照按钮 (2).png */; };
		D6759E4A1D138AA400EE5743 /* 景点.png in Resources */ = {isa = PBXBuildFile; fileRef = D6759DB01D138AA400EE5743 /* 景点.png */; };
		D6759E4C1D138AA400EE5743 /* 用户2.png in Resources */ = {isa = PBXBuildFile; fileRef = D6759DB21D138AA400EE5743 /* 用户2.png */; };
		D6759E4D1D138AA400EE5743 /* 目的地.png in Resources */ = {isa = PBXBuildFile; fileRef = D6759DB31D138AA400EE5743 /* 目的地.png */; };
		D6759E4E1D138AA400EE5743 /* 背景.jpg in Resources */ = {isa = PBXBuildFile; fileRef = D6759DB41D138AA400EE5743 /* 背景.jpg */; };
		D6759E4F1D138AA400EE5743 /* 返回 (2).png in Resources */ = {isa = PBXBuildFile; fileRef = D6759DB51D138AA400EE5743 /* 返回 (2).png */; };
		D6759E501D138AA400EE5743 /* 返回.png in Resources */ = {isa = PBXBuildFile; fileRef = D6759DB61D138AA400EE5743 /* 返回.png */; };
		D6759E511D138AA400EE5743 /* destinationViewController.m in Sources */ = {isa = PBXBuildFile; fileRef = D6759DBB1D138AA400EE5743 /* destinationViewController.m */; };
		D6759E521D138AA400EE5743 /* destinationViewController.xib in Resources */ = {isa = PBXBuildFile; fileRef = D6759DBC1D138AA400EE5743 /* destinationViewController.xib */; };
		D6759E531D138AA400EE5743 /* HostViewController.m in Sources */ = {isa = PBXBuildFile; fileRef = D6759DBE1D138AA400EE5743 /* HostViewController.m */; };
		D6759E541D138AA400EE5743 /* HostViewController.xib in Resources */ = {isa = PBXBuildFile; fileRef = D6759DBF1D138AA400EE5743 /* HostViewController.xib */; };
		D6759E551D138AA400EE5743 /* SceneryDetailViewController.m in Sources */ = {isa = PBXBuildFile; fileRef = D6759DC11D138AA400EE5743 /* SceneryDetailViewController.m */; };
		D6759E561D138AA400EE5743 /* SceneryDetailViewController.xib in Resources */ = {isa = PBXBuildFile; fileRef = D6759DC21D138AA400EE5743 /* SceneryDetailViewController.xib */; };
		D6759E571D138AA400EE5743 /* CityDetail.m in Sources */ = {isa = PBXBuildFile; fileRef = D6759DC51D138AA400EE5743 /* CityDetail.m */; };
		D6759E581D138AA400EE5743 /* CityHotSeneryModel.m in Sources */ = {isa = PBXBuildFile; fileRef = D6759DC71D138AA400EE5743 /* CityHotSeneryModel.m */; };
		D6759E591D138AA400EE5743 /* CityNAmeModel.m in Sources */ = {isa = PBXBuildFile; fileRef = D6759DC91D138AA400EE5743 /* CityNAmeModel.m */; };
		D6759E5A1D138AA400EE5743 /* SceneryModel.m in Sources */ = {isa = PBXBuildFile; fileRef = D6759DCB1D138AA400EE5743 /* SceneryModel.m */; };
		D6759E5B1D138AA400EE5743 /* ScrollModel.m in Sources */ = {isa = PBXBuildFile; fileRef = D6759DCD1D138AA400EE5743 /* ScrollModel.m */; };
		D6759E5C1D138AA400EE5743 /* CityDetailCell.m in Sources */ = {isa = PBXBuildFile; fileRef = D6759DD01D138AA400EE5743 /* CityDetailCell.m */; };
		D6759E5D1D138AA400EE5743 /* CityDetailCell.xib in Resources */ = {isa = PBXBuildFile; fileRef = D6759DD11D138AA400EE5743 /* CityDetailCell.xib */; };
		D6759E5E1D138AA400EE5743 /* CityDetailViewController.m in Sources */ = {isa = PBXBuildFile; fileRef = D6759DD31D138AA400EE5743 /* CityDetailViewController.m */; };
		D6759E5F1D138AA400EE5743 /* CityDetailViewController.xib in Resources */ = {isa = PBXBuildFile; fileRef = D6759DD41D138AA400EE5743 /* CityDetailViewController.xib */; };
		D6759E601D138AA400EE5743 /* CityHotSeneryTableViewCell.m in Sources */ = {isa = PBXBuildFile; fileRef = D6759DD61D138AA400EE5743 /* CityHotSeneryTableViewCell.m */; };
		D6759E611D138AA400EE5743 /* CityHotSeneryTableViewCell.xib in Resources */ = {isa = PBXBuildFile; fileRef = D6759DD71D138AA400EE5743 /* CityHotSeneryTableViewCell.xib */; };
		D6759E621D138AA400EE5743 /* CityNameCell.m in Sources */ = {isa = PBXBuildFile; fileRef = D6759DD91D138AA400EE5743 /* CityNameCell.m */; };
		D6759E631D138AA400EE5743 /* CityNameCell.xib in Resources */ = {isa = PBXBuildFile; fileRef = D6759DDA1D138AA400EE5743 /* CityNameCell.xib */; };
		D6759E641D138AA400EE5743 /* feedbackViewController.m in Sources */ = {isa = PBXBuildFile; fileRef = D6759DDC1D138AA400EE5743 /* feedbackViewController.m */; };
		D6759E651D138AA400EE5743 /* feedbackViewController.xib in Resources */ = {isa = PBXBuildFile; fileRef = D6759DDD1D138AA400EE5743 /* feedbackViewController.xib */; };
		D6759E661D138AA400EE5743 /* SceneryCell.m in Sources */ = {isa = PBXBuildFile; fileRef = D6759DDF1D138AA400EE5743 /* SceneryCell.m */; };
		D6759E671D138AA400EE5743 /* SceneryCell.xib in Resources */ = {isa = PBXBuildFile; fileRef = D6759DE01D138AA400EE5743 /* SceneryCell.xib */; };
		D6759E681D138AA400EE5743 /* ScrollDetailViewController.m in Sources */ = {isa = PBXBuildFile; fileRef = D6759DE21D138AA400EE5743 /* ScrollDetailViewController.m */; };
		D6759E691D138AA400EE5743 /* AddressViewController.m in Sources */ = {isa = PBXBuildFile; fileRef = D6759DE71D138AA400EE5743 /* AddressViewController.m */; };
		D6759E6A1D138AA400EE5743 /* MapViewController.m in Sources */ = {isa = PBXBuildFile; fileRef = D6759DE91D138AA400EE5743 /* MapViewController.m */; };
		D6759E6B1D138AA400EE5743 /* MapViewController.xib in Resources */ = {isa = PBXBuildFile; fileRef = D6759DEA1D138AA400EE5743 /* MapViewController.xib */; };
		D6759E6C1D138AA400EE5743 /* SearchListViewController.m in Sources */ = {isa = PBXBuildFile; fileRef = D6759DEE1D138AA400EE5743 /* SearchListViewController.m */; };
		D6759E6D1D138AA400EE5743 /* SearchListViewController.xib in Resources */ = {isa = PBXBuildFile; fileRef = D6759DEF1D138AA400EE5743 /* SearchListViewController.xib */; };
		D6759E6E1D138AA400EE5743 /* SearchViewController.m in Sources */ = {isa = PBXBuildFile; fileRef = D6759DF11D138AA400EE5743 /* SearchViewController.m */; };
		D6759E6F1D138AA400EE5743 /* SearchViewController.xib in Resources */ = {isa = PBXBuildFile; fileRef = D6759DF21D138AA400EE5743 /* SearchViewController.xib */; };
		D6759E701D138AA400EE5743 /* address_0.jpg in Resources */ = {isa = PBXBuildFile; fileRef = D6759DF41D138AA400EE5743 /* address_0.jpg */; };
		D6759E711D138AA400EE5743 /* food.jpg in Resources */ = {isa = PBXBuildFile; fileRef = D6759DF51D138AA400EE5743 /* food.jpg */; };
		D6759E721D138AA400EE5743 /* hotel.jpg in Resources */ = {isa = PBXBuildFile; fileRef = D6759DF61D138AA400EE5743 /* hotel.jpg */; };
		D6759E731D138AA400EE5743 /* life.png in Resources */ = {isa = PBXBuildFile; fileRef = D6759DF71D138AA400EE5743 /* life.png */; };
		D6759E741D138AA400EE5743 /* navigation.png in Resources */ = {isa = PBXBuildFile; fileRef = D6759DF81D138AA400EE5743 /* navigation.png */; };
		D6759E751D138AA400EE5743 /* nearby.png in Resources */ = {isa = PBXBuildFile; fileRef = D6759DF91D138AA400EE5743 /* nearby.png */; };
		D6759E761D138AA400EE5743 /* relax.jpg in Resources */ = {isa = PBXBuildFile; fileRef = D6759DFA1D138AA400EE5743 /* relax.jpg */; };
		D6759E771D138AA400EE5743 /* route.png in Resources */ = {isa = PBXBuildFile; fileRef = D6759DFB1D138AA400EE5743 /* route.png */; };
		D6759E781D138AA400EE5743 /* traffic.jpg in Resources */ = {isa = PBXBuildFile; fileRef = D6759DFC1D138AA400EE5743 /* traffic.jpg */; };
		D6759E791D138AA400EE5743 /* LYYSearchBar.m in Sources */ = {isa = PBXBuildFile; fileRef = D6759DFF1D138AA400EE5743 /* LYYSearchBar.m */; };
		D6759E7A1D138AA400EE5743 /* SearchListTableViewCell.m in Sources */ = {isa = PBXBuildFile; fileRef = D6759E011D138AA400EE5743 /* SearchListTableViewCell.m */; };
		D6759E7B1D138AA400EE5743 /* SearchListTableViewCell.xib in Resources */ = {isa = PBXBuildFile; fileRef = D6759E021D138AA400EE5743 /* SearchListTableViewCell.xib */; };
		D6759E7C1D138AA400EE5743 /* SearchTableViewCell.m in Sources */ = {isa = PBXBuildFile; fileRef = D6759E041D138AA400EE5743 /* SearchTableViewCell.m */; };
		D6759E7D1D138AA400EE5743 /* SearchTableViewCell.xib in Resources */ = {isa = PBXBuildFile; fileRef = D6759E051D138AA400EE5743 /* SearchTableViewCell.xib */; };
		D6759E7E1D138AA400EE5743 /* UserLocationManager.m in Sources */ = {isa = PBXBuildFile; fileRef = D6759E071D138AA400EE5743 /* UserLocationManager.m */; };
		D6759E7F1D138AA400EE5743 /* DynamicViewController.m in Sources */ = {isa = PBXBuildFile; fileRef = D6759E0B1D138AA400EE5743 /* DynamicViewController.m */; };
		D6759E801D138AA400EE5743 /* DynamicViewController.xib in Resources */ = {isa = PBXBuildFile; fileRef = D6759E0C1D138AA400EE5743 /* DynamicViewController.xib */; };
		D6759E811D138AA400EE5743 /* StoriesTableViewController.m in Sources */ = {isa = PBXBuildFile; fileRef = D6759E0E1D138AA400EE5743 /* StoriesTableViewController.m */; };
		D6759E821D138AA400EE5743 /* StoriesModel.m in Sources */ = {isa = PBXBuildFile; fileRef = D6759E111D138AA400EE5743 /* StoriesModel.m */; };
		D6759E831D138AA400EE5743 /* StoriesViewCell.m in Sources */ = {isa = PBXBuildFile; fileRef = D6759E141D138AA400EE5743 /* StoriesViewCell.m */; };
		D6759E841D138AA400EE5743 /* StoriesViewCell.xib in Resources */ = {isa = PBXBuildFile; fileRef = D6759E151D138AA400EE5743 /* StoriesViewCell.xib */; };
		D6759E851D138AA400EE5743 /* ActionTableViewCell.m in Sources */ = {isa = PBXBuildFile; fileRef = D6759E191D138AA400EE5743 /* ActionTableViewCell.m */; };
		D6759E861D138AA400EE5743 /* ActionTableViewCell.xib in Resources */ = {isa = PBXBuildFile; fileRef = D6759E1A1D138AA400EE5743 /* ActionTableViewCell.xib */; };
		D6759E871D138AA400EE5743 /* LoginViewController.m in Sources */ = {isa = PBXBuildFile; fileRef = D6759E1C1D138AA400EE5743 /* LoginViewController.m */; };
		D6759E881D138AA400EE5743 /* LoginViewController.xib in Resources */ = {isa = PBXBuildFile; fileRef = D6759E1D1D138AA400EE5743 /* LoginViewController.xib */; };
		D6759E891D138AA400EE5743 /* registViewController.m in Sources */ = {isa = PBXBuildFile; fileRef = D6759E1F1D138AA400EE5743 /* registViewController.m */; };
		D6759E8A1D138AA400EE5743 /* registViewController.xib in Resources */ = {isa = PBXBuildFile; fileRef = D6759E201D138AA400EE5743 /* registViewController.xib */; };
		D6759E8D1D138AA400EE5743 /* User.m in Sources */ = {isa = PBXBuildFile; fileRef = D6759E261D138AA400EE5743 /* User.m */; };
		D68BE2EF1D13946F00266260 /* iconfont-dingwei@2x.png in Resources */ = {isa = PBXBuildFile; fileRef = D68BE2EB1D13946F00266260 /* iconfont-dingwei@2x.png */; };
		D68BE2F01D13946F00266260 /* iconfont-fuwuxiangqing@2x.png in Resources */ = {isa = PBXBuildFile; fileRef = D68BE2EC1D13946F00266260 /* iconfont-fuwuxiangqing@2x.png */; };
		D68BE2F11D13946F00266260 /* iconfont-shijian@2x.png in Resources */ = {isa = PBXBuildFile; fileRef = D68BE2ED1D13946F00266260 /* iconfont-shijian@2x.png */; };
		D68BE2F21D13946F00266260 /* sanjiaoyou@2x.png in Resources */ = {isa = PBXBuildFile; fileRef = D68BE2EE1D13946F00266260 /* sanjiaoyou@2x.png */; };
		D6BBDE6C1D14DC97006DC13B /* citydict.plist in Resources */ = {isa = PBXBuildFile; fileRef = D6BBDE6B1D14DC97006DC13B /* citydict.plist */; };
		D6BBDE6F1D14E155006DC13B /* CityListTableViewController.m in Sources */ = {isa = PBXBuildFile; fileRef = D6BBDE6E1D14E155006DC13B /* CityListTableViewController.m */; };
		E42AB131DA8D9871C2CAD30E /* libPods-newProject.a in Frameworks */ = {isa = PBXBuildFile; fileRef = 2828988210866BDBCD7CCAAC /* libPods-newProject.a */; };
/* End PBXBuildFile section */

/* Begin PBXFileReference section */
		13D49E79225E4C28AA882498 /* Pods-newProject.debug.xcconfig */ = {isa = PBXFileReference; includeInIndex = 1; lastKnownFileType = text.xcconfig; name = "Pods-newProject.debug.xcconfig"; path = "Pods/Target Support Files/Pods-newProject/Pods-newProject.debug.xcconfig"; sourceTree = "<group>"; };
		2828988210866BDBCD7CCAAC /* libPods-newProject.a */ = {isa = PBXFileReference; explicitFileType = archive.ar; includeInIndex = 0; path = "libPods-newProject.a"; sourceTree = BUILT_PRODUCTS_DIR; };
		69557D3E1D177CBD00C57A61 /* User1ViewController.h */ = {isa = PBXFileReference; fileEncoding = 4; lastKnownFileType = sourcecode.c.h; path = User1ViewController.h; sourceTree = "<group>"; };
		69557D3F1D177CBD00C57A61 /* User1ViewController.m */ = {isa = PBXFileReference; fileEncoding = 4; lastKnownFileType = sourcecode.c.objc; path = User1ViewController.m; sourceTree = "<group>"; };
		69557D401D177CBD00C57A61 /* User1ViewController.xib */ = {isa = PBXFileReference; fileEncoding = 4; lastKnownFileType = file.xib; path = User1ViewController.xib; sourceTree = "<group>"; };
		69557D461D177F4300C57A61 /* 关于我们.png */ = {isa = PBXFileReference; lastKnownFileType = image.png; path = "关于我们.png"; sourceTree = "<group>"; };
		69557D471D177F4300C57A61 /* 夜间模式.png */ = {isa = PBXFileReference; lastKnownFileType = image.png; path = "夜间模式.png"; sourceTree = "<group>"; };
		69557D481D177F4300C57A61 /* 完善信息.png */ = {isa = PBXFileReference; lastKnownFileType = image.png; path = "完善信息.png"; sourceTree = "<group>"; };
		69557D491D177F4300C57A61 /* 收藏.png */ = {isa = PBXFileReference; lastKnownFileType = image.png; path = "收藏.png"; sourceTree = "<group>"; };
		69557D4A1D177F4300C57A61 /* 清除缓存.png */ = {isa = PBXFileReference; lastKnownFileType = image.png; path = "清除缓存.png"; sourceTree = "<group>"; };
		69557D4B1D177F4300C57A61 /* 版本更新.png */ = {isa = PBXFileReference; lastKnownFileType = image.png; path = "版本更新.png"; sourceTree = "<group>"; };
		69557D571D178E4400C57A61 /* DetailsViewController.h */ = {isa = PBXFileReference; fileEncoding = 4; lastKnownFileType = sourcecode.c.h; path = DetailsViewController.h; sourceTree = "<group>"; };
		69557D581D178E4400C57A61 /* DetailsViewController.m */ = {isa = PBXFileReference; fileEncoding = 4; lastKnownFileType = sourcecode.c.objc; path = DetailsViewController.m; sourceTree = "<group>"; };
		69557D591D178E4400C57A61 /* DetailsViewController.xib */ = {isa = PBXFileReference; fileEncoding = 4; lastKnownFileType = file.xib; path = DetailsViewController.xib; sourceTree = "<group>"; };
		69C95C141D18DB310092E1E6 /* GiFHUD.h */ = {isa = PBXFileReference; fileEncoding = 4; lastKnownFileType = sourcecode.c.h; path = GiFHUD.h; sourceTree = "<group>"; };
		69C95C151D18DB310092E1E6 /* GiFHUD.m */ = {isa = PBXFileReference; fileEncoding = 4; lastKnownFileType = sourcecode.c.objc; path = GiFHUD.m; sourceTree = "<group>"; };
		69C95C161D18DB310092E1E6 /* pika.gif */ = {isa = PBXFileReference; lastKnownFileType = image.gif; path = pika.gif; sourceTree = "<group>"; };
		69C95C171D18DB310092E1E6 /* qiche.gif */ = {isa = PBXFileReference; lastKnownFileType = image.gif; path = qiche.gif; sourceTree = "<group>"; };
		69C95C1B1D18E46D0092E1E6 /* 详情页面背景.jpg */ = {isa = PBXFileReference; lastKnownFileType = image.jpeg; path = "详情页面背景.jpg"; sourceTree = "<group>"; };
		7E36B5401D17CEC60090921E /* PerfectInformationViewController.h */ = {isa = PBXFileReference; fileEncoding = 4; lastKnownFileType = sourcecode.c.h; path = PerfectInformationViewController.h; sourceTree = "<group>"; };
		7E36B5411D17CEC60090921E /* PerfectInformationViewController.m */ = {isa = PBXFileReference; fileEncoding = 4; lastKnownFileType = sourcecode.c.objc; path = PerfectInformationViewController.m; sourceTree = "<group>"; };
		7E36B5421D17CEC60090921E /* PerfectInformationViewController.xib */ = {isa = PBXFileReference; fileEncoding = 4; lastKnownFileType = file.xib; path = PerfectInformationViewController.xib; sourceTree = "<group>"; };
		BEEE2EC124AD750F856F4931 /* Pods-newProject.release.xcconfig */ = {isa = PBXFileReference; includeInIndex = 1; lastKnownFileType = text.xcconfig; name = "Pods-newProject.release.xcconfig"; path = "Pods/Target Support Files/Pods-newProject/Pods-newProject.release.xcconfig"; sourceTree = "<group>"; };
		D19FD1F41D14134E00640D4B /* HomeCollectionViewCell.h */ = {isa = PBXFileReference; fileEncoding = 4; lastKnownFileType = sourcecode.c.h; path = HomeCollectionViewCell.h; sourceTree = "<group>"; };
		D19FD1F51D14134E00640D4B /* HomeCollectionViewCell.m */ = {isa = PBXFileReference; fileEncoding = 4; lastKnownFileType = sourcecode.c.objc; path = HomeCollectionViewCell.m; sourceTree = "<group>"; };
		D19FD1FD1D141BA200640D4B /* NavigationViewController.h */ = {isa = PBXFileReference; fileEncoding = 4; lastKnownFileType = sourcecode.c.h; path = NavigationViewController.h; sourceTree = "<group>"; };
		D19FD1FE1D141BA200640D4B /* NavigationViewController.m */ = {isa = PBXFileReference; fileEncoding = 4; lastKnownFileType = sourcecode.c.objc; path = NavigationViewController.m; sourceTree = "<group>"; };
		D19FD1FF1D141BA200640D4B /* NavigationViewController.xib */ = {isa = PBXFileReference; fileEncoding = 4; lastKnownFileType = file.xib; path = NavigationViewController.xib; sourceTree = "<group>"; };
		D19FD2031D141C5800640D4B /* PathViewController.h */ = {isa = PBXFileReference; fileEncoding = 4; lastKnownFileType = sourcecode.c.h; path = PathViewController.h; sourceTree = "<group>"; };
		D19FD2041D141C5800640D4B /* PathViewController.m */ = {isa = PBXFileReference; fileEncoding = 4; lastKnownFileType = sourcecode.c.objc; path = PathViewController.m; sourceTree = "<group>"; };
		D19FD2051D141C5800640D4B /* PathViewController.xib */ = {isa = PBXFileReference; fileEncoding = 4; lastKnownFileType = file.xib; path = PathViewController.xib; sourceTree = "<group>"; };
		D19FD2091D141CB200640D4B /* LocationViewController.h */ = {isa = PBXFileReference; fileEncoding = 4; lastKnownFileType = sourcecode.c.h; path = LocationViewController.h; sourceTree = "<group>"; };
		D19FD20A1D141CB200640D4B /* LocationViewController.m */ = {isa = PBXFileReference; fileEncoding = 4; lastKnownFileType = sourcecode.c.objc; path = LocationViewController.m; sourceTree = "<group>"; };
		D19FD20B1D141CB200640D4B /* LocationViewController.xib */ = {isa = PBXFileReference; fileEncoding = 4; lastKnownFileType = file.xib; path = LocationViewController.xib; sourceTree = "<group>"; };
		D63FC11D1D14E7010054ABBA /* DefaultAvatar.png */ = {isa = PBXFileReference; lastKnownFileType = image.png; path = DefaultAvatar.png; sourceTree = "<group>"; };
		D63FC11E1D14E7010054ABBA /* DefaultAvatar@2x.png */ = {isa = PBXFileReference; lastKnownFileType = image.png; path = "DefaultAvatar@2x.png"; sourceTree = "<group>"; };
		D63FC1211D14EEC50054ABBA /* 下一页.png */ = {isa = PBXFileReference; lastKnownFileType = image.png; path = "下一页.png"; sourceTree = "<group>"; };
		D63FC1231D14EFE00054ABBA /* 个人页背景.jpg */ = {isa = PBXFileReference; lastKnownFileType = image.jpeg; path = "个人页背景.jpg"; sourceTree = "<group>"; };
		D6759D691D13874900EE5743 /* newProject.app */ = {isa = PBXFileReference; explicitFileType = wrapper.application; includeInIndex = 0; path = newProject.app; sourceTree = BUILT_PRODUCTS_DIR; };
		D6759D6D1D13874900EE5743 /* main.m */ = {isa = PBXFileReference; lastKnownFileType = sourcecode.c.objc; path = main.m; sourceTree = "<group>"; };
		D6759D721D13874900EE5743 /* ViewController.h */ = {isa = PBXFileReference; lastKnownFileType = sourcecode.c.h; path = ViewController.h; sourceTree = "<group>"; };
		D6759D731D13874900EE5743 /* ViewController.m */ = {isa = PBXFileReference; lastKnownFileType = sourcecode.c.objc; path = ViewController.m; sourceTree = "<group>"; };
		D6759D761D13874900EE5743 /* Base */ = {isa = PBXFileReference; lastKnownFileType = file.storyboard; name = Base; path = Base.lproj/Main.storyboard; sourceTree = "<group>"; };
		D6759D781D13874900EE5743 /* Assets.xcassets */ = {isa = PBXFileReference; lastKnownFileType = folder.assetcatalog; path = Assets.xcassets; sourceTree = "<group>"; };
		D6759D7B1D13874900EE5743 /* Base */ = {isa = PBXFileReference; lastKnownFileType = file.storyboard; name = Base; path = Base.lproj/LaunchScreen.storyboard; sourceTree = "<group>"; };
		D6759D7D1D13874900EE5743 /* Info.plist */ = {isa = PBXFileReference; lastKnownFileType = text.plist.xml; path = Info.plist; sourceTree = "<group>"; };
		D6759D851D138AA400EE5743 /* AppDelegate.h */ = {isa = PBXFileReference; fileEncoding = 4; lastKnownFileType = sourcecode.c.h; path = AppDelegate.h; sourceTree = "<group>"; };
		D6759D861D138AA400EE5743 /* AppDelegate.m */ = {isa = PBXFileReference; fileEncoding = 4; lastKnownFileType = sourcecode.c.objc; path = AppDelegate.m; sourceTree = "<group>"; };
		D6759D871D138AA400EE5743 /* CustomTabBar.h */ = {isa = PBXFileReference; fileEncoding = 4; lastKnownFileType = sourcecode.c.h; path = CustomTabBar.h; sourceTree = "<group>"; };
		D6759D881D138AA400EE5743 /* CustomTabBar.m */ = {isa = PBXFileReference; fileEncoding = 4; lastKnownFileType = sourcecode.c.objc; path = CustomTabBar.m; sourceTree = "<group>"; };
		D6759D891D138AA400EE5743 /* RootViewController.h */ = {isa = PBXFileReference; fileEncoding = 4; lastKnownFileType = sourcecode.c.h; path = RootViewController.h; sourceTree = "<group>"; };
		D6759D8A1D138AA400EE5743 /* RootViewController.m */ = {isa = PBXFileReference; fileEncoding = 4; lastKnownFileType = sourcecode.c.objc; path = RootViewController.m; sourceTree = "<group>"; };
		D6759D8B1D138AA400EE5743 /* SendButton.h */ = {isa = PBXFileReference; fileEncoding = 4; lastKnownFileType = sourcecode.c.h; path = SendButton.h; sourceTree = "<group>"; };
		D6759D8C1D138AA400EE5743 /* SendButton.m */ = {isa = PBXFileReference; fileEncoding = 4; lastKnownFileType = sourcecode.c.objc; path = SendButton.m; sourceTree = "<group>"; };
		D6759D8E1D138AA400EE5743 /* HP_DataBaseTool.h */ = {isa = PBXFileReference; fileEncoding = 4; lastKnownFileType = sourcecode.c.h; path = HP_DataBaseTool.h; sourceTree = "<group>"; };
		D6759D8F1D138AA400EE5743 /* HP_DataBaseTool.m */ = {isa = PBXFileReference; fileEncoding = 4; lastKnownFileType = sourcecode.c.objc; path = HP_DataBaseTool.m; sourceTree = "<group>"; };
		D6759D901D138AA400EE5743 /* UIImage+imageContentWithColor.h */ = {isa = PBXFileReference; fileEncoding = 4; lastKnownFileType = sourcecode.c.h; path = "UIImage+imageContentWithColor.h"; sourceTree = "<group>"; };
		D6759D911D138AA400EE5743 /* UIImage+imageContentWithColor.m */ = {isa = PBXFileReference; fileEncoding = 4; lastKnownFileType = sourcecode.c.objc; path = "UIImage+imageContentWithColor.m"; sourceTree = "<group>"; };
		D6759D931D138AA400EE5743 /* 2.jpg */ = {isa = PBXFileReference; lastKnownFileType = image.jpeg; path = 2.jpg; sourceTree = "<group>"; };
		D6759D941D138AA400EE5743 /* 3.jpg */ = {isa = PBXFileReference; lastKnownFileType = image.jpeg; path = 3.jpg; sourceTree = "<group>"; };
		D6759D951D138AA400EE5743 /* 4.jpg */ = {isa = PBXFileReference; lastKnownFileType = image.jpeg; path = 4.jpg; sourceTree = "<group>"; };
		D6759D961D138AA400EE5743 /* a0146d086e061d95e1a708c179f40ad163d9ca7f.jpg */ = {isa = PBXFileReference; lastKnownFileType = image.jpeg; path = a0146d086e061d95e1a708c179f40ad163d9ca7f.jpg; sourceTree = "<group>"; };
		D6759D971D138AA400EE5743 /* fujin.jpg */ = {isa = PBXFileReference; lastKnownFileType = image.jpeg; path = fujin.jpg; sourceTree = "<group>"; };
		D6759D991D138AA400EE5743 /* Unknown.png */ = {isa = PBXFileReference; lastKnownFileType = image.png; path = Unknown.png; sourceTree = "<group>"; };
		D6759D9B1D138AA400EE5743 /* 个人 (1).png */ = {isa = PBXFileReference; lastKnownFileType = image.png; path = "个人 (1).png"; sourceTree = "<group>"; };
		D6759D9C1D138AA400EE5743 /* 个人 (2).png */ = {isa = PBXFileReference; lastKnownFileType = image.png; path = "个人 (2).png"; sourceTree = "<group>"; };
		D6759D9D1D138AA400EE5743 /* 主页(4).png */ = {isa = PBXFileReference; lastKnownFileType = image.png; path = "主页(4).png"; sourceTree = "<group>"; };
		D6759D9E1D138AA400EE5743 /* 主页.png */ = {isa = PBXFileReference; lastKnownFileType = image.png; path = "主页.png"; sourceTree = "<group>"; };
		D6759D9F1D138AA400EE5743 /* 位置.png */ = {isa = PBXFileReference; lastKnownFileType = image.png; path = "位置.png"; sourceTree = "<group>"; };
		D6759DA01D138AA400EE5743 /* 保存 (1).png */ = {isa = PBXFileReference; lastKnownFileType = image.png; path = "保存 (1).png"; sourceTree = "<group>"; };
		D6759DA11D138AA400EE5743 /* 全国按钮@2x.png */ = {isa = PBXFileReference; lastKnownFileType = image.png; path = "全国按钮@2x.png"; sourceTree = "<group>"; };
		D6759DA21D138AA400EE5743 /* 加号.png */ = {isa = PBXFileReference; lastKnownFileType = image.png; path = "加号.png"; sourceTree = "<group>"; };
		D6759DA31D138AA400EE5743 /* 反馈.png */ = {isa = PBXFileReference; lastKnownFileType = image.png; path = "反馈.png"; sourceTree = "<group>"; };
		D6759DA41D138AA400EE5743 /* 发布 (1).png */ = {isa = PBXFileReference; lastKnownFileType = image.png; path = "发布 (1).png"; sourceTree = "<group>"; };
		D6759DA51D138AA400EE5743 /* 发布.png */ = {isa = PBXFileReference; lastKnownFileType = image.png; path = "发布.png"; sourceTree = "<group>"; };
		D6759DA61D138AA400EE5743 /* 发现.png */ = {isa = PBXFileReference; lastKnownFileType = image.png; path = "发现.png"; sourceTree = "<group>"; };
		D6759DA71D138AA400EE5743 /* 向右.png */ = {isa = PBXFileReference; lastKnownFileType = image.png; path = "向右.png"; sourceTree = "<group>"; };
		D6759DA81D138AA400EE5743 /* 图片.png */ = {isa = PBXFileReference; lastKnownFileType = image.png; path = "图片.png"; sourceTree = "<group>"; };
		D6759DA91D138AA400EE5743 /* 地图 (3).png */ = {isa = PBXFileReference; lastKnownFileType = image.png; path = "地图 (3).png"; sourceTree = "<group>"; };
		D6759DAA1D138AA400EE5743 /* 地图.png */ = {isa = PBXFileReference; lastKnownFileType = image.png; path = "地图.png"; sourceTree = "<group>"; };
		D6759DAB1D138AA400EE5743 /* 头像.png */ = {isa = PBXFileReference; lastKnownFileType = image.png; path = "头像.png"; sourceTree = "<group>"; };
		D6759DAC1D138AA400EE5743 /* 密码2.png */ = {isa = PBXFileReference; lastKnownFileType = image.png; path = "密码2.png"; sourceTree = "<group>"; };
		D6759DAE1D138AA400EE5743 /* 拍照按钮 (1).png */ = {isa = PBXFileReference; lastKnownFileType = image.png; path = "拍照按钮 (1).png"; sourceTree = "<group>"; };
		D6759DAF1D138AA400EE5743 /* 拍照按钮 (2).png */ = {isa = PBXFileReference; lastKnownFileType = image.png; path = "拍照按钮 (2).png"; sourceTree = "<group>"; };
		D6759DB01D138AA400EE5743 /* 景点.png */ = {isa = PBXFileReference; lastKnownFileType = image.png; path = "景点.png"; sourceTree = "<group>"; };
		D6759DB21D138AA400EE5743 /* 用户2.png */ = {isa = PBXFileReference; lastKnownFileType = image.png; path = "用户2.png"; sourceTree = "<group>"; };
		D6759DB31D138AA400EE5743 /* 目的地.png */ = {isa = PBXFileReference; lastKnownFileType = image.png; path = "目的地.png"; sourceTree = "<group>"; };
		D6759DB41D138AA400EE5743 /* 背景.jpg */ = {isa = PBXFileReference; lastKnownFileType = image.jpeg; path = "背景.jpg"; sourceTree = "<group>"; };
		D6759DB51D138AA400EE5743 /* 返回 (2).png */ = {isa = PBXFileReference; lastKnownFileType = image.png; path = "返回 (2).png"; sourceTree = "<group>"; };
		D6759DB61D138AA400EE5743 /* 返回.png */ = {isa = PBXFileReference; lastKnownFileType = image.png; path = "返回.png"; sourceTree = "<group>"; };
		D6759DBA1D138AA400EE5743 /* destinationViewController.h */ = {isa = PBXFileReference; fileEncoding = 4; lastKnownFileType = sourcecode.c.h; path = destinationViewController.h; sourceTree = "<group>"; };
		D6759DBB1D138AA400EE5743 /* destinationViewController.m */ = {isa = PBXFileReference; fileEncoding = 4; lastKnownFileType = sourcecode.c.objc; path = destinationViewController.m; sourceTree = "<group>"; };
		D6759DBC1D138AA400EE5743 /* destinationViewController.xib */ = {isa = PBXFileReference; fileEncoding = 4; lastKnownFileType = file.xib; path = destinationViewController.xib; sourceTree = "<group>"; };
		D6759DBD1D138AA400EE5743 /* HostViewController.h */ = {isa = PBXFileReference; fileEncoding = 4; lastKnownFileType = sourcecode.c.h; path = HostViewController.h; sourceTree = "<group>"; };
		D6759DBE1D138AA400EE5743 /* HostViewController.m */ = {isa = PBXFileReference; fileEncoding = 4; lastKnownFileType = sourcecode.c.objc; path = HostViewController.m; sourceTree = "<group>"; };
		D6759DBF1D138AA400EE5743 /* HostViewController.xib */ = {isa = PBXFileReference; fileEncoding = 4; lastKnownFileType = file.xib; path = HostViewController.xib; sourceTree = "<group>"; };
		D6759DC01D138AA400EE5743 /* SceneryDetailViewController.h */ = {isa = PBXFileReference; fileEncoding = 4; lastKnownFileType = sourcecode.c.h; path = SceneryDetailViewController.h; sourceTree = "<group>"; };
		D6759DC11D138AA400EE5743 /* SceneryDetailViewController.m */ = {isa = PBXFileReference; fileEncoding = 4; lastKnownFileType = sourcecode.c.objc; path = SceneryDetailViewController.m; sourceTree = "<group>"; };
		D6759DC21D138AA400EE5743 /* SceneryDetailViewController.xib */ = {isa = PBXFileReference; fileEncoding = 4; lastKnownFileType = file.xib; path = SceneryDetailViewController.xib; sourceTree = "<group>"; };
		D6759DC41D138AA400EE5743 /* CityDetail.h */ = {isa = PBXFileReference; fileEncoding = 4; lastKnownFileType = sourcecode.c.h; path = CityDetail.h; sourceTree = "<group>"; };
		D6759DC51D138AA400EE5743 /* CityDetail.m */ = {isa = PBXFileReference; fileEncoding = 4; lastKnownFileType = sourcecode.c.objc; path = CityDetail.m; sourceTree = "<group>"; };
		D6759DC61D138AA400EE5743 /* CityHotSeneryModel.h */ = {isa = PBXFileReference; fileEncoding = 4; lastKnownFileType = sourcecode.c.h; path = CityHotSeneryModel.h; sourceTree = "<group>"; };
		D6759DC71D138AA400EE5743 /* CityHotSeneryModel.m */ = {isa = PBXFileReference; fileEncoding = 4; lastKnownFileType = sourcecode.c.objc; path = CityHotSeneryModel.m; sourceTree = "<group>"; };
		D6759DC81D138AA400EE5743 /* CityNAmeModel.h */ = {isa = PBXFileReference; fileEncoding = 4; lastKnownFileType = sourcecode.c.h; path = CityNAmeModel.h; sourceTree = "<group>"; };
		D6759DC91D138AA400EE5743 /* CityNAmeModel.m */ = {isa = PBXFileReference; fileEncoding = 4; lastKnownFileType = sourcecode.c.objc; path = CityNAmeModel.m; sourceTree = "<group>"; };
		D6759DCA1D138AA400EE5743 /* SceneryModel.h */ = {isa = PBXFileReference; fileEncoding = 4; lastKnownFileType = sourcecode.c.h; path = SceneryModel.h; sourceTree = "<group>"; };
		D6759DCB1D138AA400EE5743 /* SceneryModel.m */ = {isa = PBXFileReference; fileEncoding = 4; lastKnownFileType = sourcecode.c.objc; path = SceneryModel.m; sourceTree = "<group>"; };
		D6759DCC1D138AA400EE5743 /* ScrollModel.h */ = {isa = PBXFileReference; fileEncoding = 4; lastKnownFileType = sourcecode.c.h; path = ScrollModel.h; sourceTree = "<group>"; };
		D6759DCD1D138AA400EE5743 /* ScrollModel.m */ = {isa = PBXFileReference; fileEncoding = 4; lastKnownFileType = sourcecode.c.objc; path = ScrollModel.m; sourceTree = "<group>"; };
		D6759DCF1D138AA400EE5743 /* CityDetailCell.h */ = {isa = PBXFileReference; fileEncoding = 4; lastKnownFileType = sourcecode.c.h; path = CityDetailCell.h; sourceTree = "<group>"; };
		D6759DD01D138AA400EE5743 /* CityDetailCell.m */ = {isa = PBXFileReference; fileEncoding = 4; lastKnownFileType = sourcecode.c.objc; path = CityDetailCell.m; sourceTree = "<group>"; };
		D6759DD11D138AA400EE5743 /* CityDetailCell.xib */ = {isa = PBXFileReference; fileEncoding = 4; lastKnownFileType = file.xib; path = CityDetailCell.xib; sourceTree = "<group>"; };
		D6759DD21D138AA400EE5743 /* CityDetailViewController.h */ = {isa = PBXFileReference; fileEncoding = 4; lastKnownFileType = sourcecode.c.h; path = CityDetailViewController.h; sourceTree = "<group>"; };
		D6759DD31D138AA400EE5743 /* CityDetailViewController.m */ = {isa = PBXFileReference; fileEncoding = 4; lastKnownFileType = sourcecode.c.objc; path = CityDetailViewController.m; sourceTree = "<group>"; };
		D6759DD41D138AA400EE5743 /* CityDetailViewController.xib */ = {isa = PBXFileReference; fileEncoding = 4; lastKnownFileType = file.xib; path = CityDetailViewController.xib; sourceTree = "<group>"; };
		D6759DD51D138AA400EE5743 /* CityHotSeneryTableViewCell.h */ = {isa = PBXFileReference; fileEncoding = 4; lastKnownFileType = sourcecode.c.h; path = CityHotSeneryTableViewCell.h; sourceTree = "<group>"; };
		D6759DD61D138AA400EE5743 /* CityHotSeneryTableViewCell.m */ = {isa = PBXFileReference; fileEncoding = 4; lastKnownFileType = sourcecode.c.objc; path = CityHotSeneryTableViewCell.m; sourceTree = "<group>"; };
		D6759DD71D138AA400EE5743 /* CityHotSeneryTableViewCell.xib */ = {isa = PBXFileReference; fileEncoding = 4; lastKnownFileType = file.xib; path = CityHotSeneryTableViewCell.xib; sourceTree = "<group>"; };
		D6759DD81D138AA400EE5743 /* CityNameCell.h */ = {isa = PBXFileReference; fileEncoding = 4; lastKnownFileType = sourcecode.c.h; path = CityNameCell.h; sourceTree = "<group>"; };
		D6759DD91D138AA400EE5743 /* CityNameCell.m */ = {isa = PBXFileReference; fileEncoding = 4; lastKnownFileType = sourcecode.c.objc; path = CityNameCell.m; sourceTree = "<group>"; };
		D6759DDA1D138AA400EE5743 /* CityNameCell.xib */ = {isa = PBXFileReference; fileEncoding = 4; lastKnownFileType = file.xib; path = CityNameCell.xib; sourceTree = "<group>"; };
		D6759DDB1D138AA400EE5743 /* feedbackViewController.h */ = {isa = PBXFileReference; fileEncoding = 4; lastKnownFileType = sourcecode.c.h; path = feedbackViewController.h; sourceTree = "<group>"; };
		D6759DDC1D138AA400EE5743 /* feedbackViewController.m */ = {isa = PBXFileReference; fileEncoding = 4; lastKnownFileType = sourcecode.c.objc; path = feedbackViewController.m; sourceTree = "<group>"; };
		D6759DDD1D138AA400EE5743 /* feedbackViewController.xib */ = {isa = PBXFileReference; fileEncoding = 4; lastKnownFileType = file.xib; path = feedbackViewController.xib; sourceTree = "<group>"; };
		D6759DDE1D138AA400EE5743 /* SceneryCell.h */ = {isa = PBXFileReference; fileEncoding = 4; lastKnownFileType = sourcecode.c.h; path = SceneryCell.h; sourceTree = "<group>"; };
		D6759DDF1D138AA400EE5743 /* SceneryCell.m */ = {isa = PBXFileReference; fileEncoding = 4; lastKnownFileType = sourcecode.c.objc; path = SceneryCell.m; sourceTree = "<group>"; };
		D6759DE01D138AA400EE5743 /* SceneryCell.xib */ = {isa = PBXFileReference; fileEncoding = 4; lastKnownFileType = file.xib; path = SceneryCell.xib; sourceTree = "<group>"; };
		D6759DE11D138AA400EE5743 /* ScrollDetailViewController.h */ = {isa = PBXFileReference; fileEncoding = 4; lastKnownFileType = sourcecode.c.h; path = ScrollDetailViewController.h; sourceTree = "<group>"; };
		D6759DE21D138AA400EE5743 /* ScrollDetailViewController.m */ = {isa = PBXFileReference; fileEncoding = 4; lastKnownFileType = sourcecode.c.objc; path = ScrollDetailViewController.m; sourceTree = "<group>"; };
		D6759DE61D138AA400EE5743 /* AddressViewController.h */ = {isa = PBXFileReference; fileEncoding = 4; lastKnownFileType = sourcecode.c.h; path = AddressViewController.h; sourceTree = "<group>"; };
		D6759DE71D138AA400EE5743 /* AddressViewController.m */ = {isa = PBXFileReference; fileEncoding = 4; lastKnownFileType = sourcecode.c.objc; path = AddressViewController.m; sourceTree = "<group>"; };
		D6759DE81D138AA400EE5743 /* MapViewController.h */ = {isa = PBXFileReference; fileEncoding = 4; lastKnownFileType = sourcecode.c.h; path = MapViewController.h; sourceTree = "<group>"; };
		D6759DE91D138AA400EE5743 /* MapViewController.m */ = {isa = PBXFileReference; fileEncoding = 4; lastKnownFileType = sourcecode.c.objc; path = MapViewController.m; sourceTree = "<group>"; };
		D6759DEA1D138AA400EE5743 /* MapViewController.xib */ = {isa = PBXFileReference; fileEncoding = 4; lastKnownFileType = file.xib; path = MapViewController.xib; sourceTree = "<group>"; };
		D6759DED1D138AA400EE5743 /* SearchListViewController.h */ = {isa = PBXFileReference; fileEncoding = 4; lastKnownFileType = sourcecode.c.h; path = SearchListViewController.h; sourceTree = "<group>"; };
		D6759DEE1D138AA400EE5743 /* SearchListViewController.m */ = {isa = PBXFileReference; fileEncoding = 4; lastKnownFileType = sourcecode.c.objc; path = SearchListViewController.m; sourceTree = "<group>"; };
		D6759DEF1D138AA400EE5743 /* SearchListViewController.xib */ = {isa = PBXFileReference; fileEncoding = 4; lastKnownFileType = file.xib; path = SearchListViewController.xib; sourceTree = "<group>"; };
		D6759DF01D138AA400EE5743 /* SearchViewController.h */ = {isa = PBXFileReference; fileEncoding = 4; lastKnownFileType = sourcecode.c.h; path = SearchViewController.h; sourceTree = "<group>"; };
		D6759DF11D138AA400EE5743 /* SearchViewController.m */ = {isa = PBXFileReference; fileEncoding = 4; lastKnownFileType = sourcecode.c.objc; path = SearchViewController.m; sourceTree = "<group>"; };
		D6759DF21D138AA400EE5743 /* SearchViewController.xib */ = {isa = PBXFileReference; fileEncoding = 4; lastKnownFileType = file.xib; path = SearchViewController.xib; sourceTree = "<group>"; };
		D6759DF41D138AA400EE5743 /* address_0.jpg */ = {isa = PBXFileReference; lastKnownFileType = image.jpeg; path = address_0.jpg; sourceTree = "<group>"; };
		D6759DF51D138AA400EE5743 /* food.jpg */ = {isa = PBXFileReference; lastKnownFileType = image.jpeg; path = food.jpg; sourceTree = "<group>"; };
		D6759DF61D138AA400EE5743 /* hotel.jpg */ = {isa = PBXFileReference; lastKnownFileType = image.jpeg; path = hotel.jpg; sourceTree = "<group>"; };
		D6759DF71D138AA400EE5743 /* life.png */ = {isa = PBXFileReference; lastKnownFileType = image.png; path = life.png; sourceTree = "<group>"; };
		D6759DF81D138AA400EE5743 /* navigation.png */ = {isa = PBXFileReference; lastKnownFileType = image.png; path = navigation.png; sourceTree = "<group>"; };
		D6759DF91D138AA400EE5743 /* nearby.png */ = {isa = PBXFileReference; lastKnownFileType = image.png; path = nearby.png; sourceTree = "<group>"; };
		D6759DFA1D138AA400EE5743 /* relax.jpg */ = {isa = PBXFileReference; lastKnownFileType = image.jpeg; path = relax.jpg; sourceTree = "<group>"; };
		D6759DFB1D138AA400EE5743 /* route.png */ = {isa = PBXFileReference; lastKnownFileType = image.png; path = route.png; sourceTree = "<group>"; };
		D6759DFC1D138AA400EE5743 /* traffic.jpg */ = {isa = PBXFileReference; lastKnownFileType = image.jpeg; path = traffic.jpg; sourceTree = "<group>"; };
		D6759DFE1D138AA400EE5743 /* LYYSearchBar.h */ = {isa = PBXFileReference; fileEncoding = 4; lastKnownFileType = sourcecode.c.h; path = LYYSearchBar.h; sourceTree = "<group>"; };
		D6759DFF1D138AA400EE5743 /* LYYSearchBar.m */ = {isa = PBXFileReference; fileEncoding = 4; lastKnownFileType = sourcecode.c.objc; path = LYYSearchBar.m; sourceTree = "<group>"; };
		D6759E001D138AA400EE5743 /* SearchListTableViewCell.h */ = {isa = PBXFileReference; fileEncoding = 4; lastKnownFileType = sourcecode.c.h; path = SearchListTableViewCell.h; sourceTree = "<group>"; };
		D6759E011D138AA400EE5743 /* SearchListTableViewCell.m */ = {isa = PBXFileReference; fileEncoding = 4; lastKnownFileType = sourcecode.c.objc; path = SearchListTableViewCell.m; sourceTree = "<group>"; };
		D6759E021D138AA400EE5743 /* SearchListTableViewCell.xib */ = {isa = PBXFileReference; fileEncoding = 4; lastKnownFileType = file.xib; path = SearchListTableViewCell.xib; sourceTree = "<group>"; };
		D6759E031D138AA400EE5743 /* SearchTableViewCell.h */ = {isa = PBXFileReference; fileEncoding = 4; lastKnownFileType = sourcecode.c.h; path = SearchTableViewCell.h; sourceTree = "<group>"; };
		D6759E041D138AA400EE5743 /* SearchTableViewCell.m */ = {isa = PBXFileReference; fileEncoding = 4; lastKnownFileType = sourcecode.c.objc; path = SearchTableViewCell.m; sourceTree = "<group>"; };
		D6759E051D138AA400EE5743 /* SearchTableViewCell.xib */ = {isa = PBXFileReference; fileEncoding = 4; lastKnownFileType = file.xib; path = SearchTableViewCell.xib; sourceTree = "<group>"; };
		D6759E061D138AA400EE5743 /* UserLocationManager.h */ = {isa = PBXFileReference; fileEncoding = 4; lastKnownFileType = sourcecode.c.h; path = UserLocationManager.h; sourceTree = "<group>"; };
		D6759E071D138AA400EE5743 /* UserLocationManager.m */ = {isa = PBXFileReference; fileEncoding = 4; lastKnownFileType = sourcecode.c.objc; path = UserLocationManager.m; sourceTree = "<group>"; };
		D6759E0A1D138AA400EE5743 /* DynamicViewController.h */ = {isa = PBXFileReference; fileEncoding = 4; lastKnownFileType = sourcecode.c.h; path = DynamicViewController.h; sourceTree = "<group>"; };
		D6759E0B1D138AA400EE5743 /* DynamicViewController.m */ = {isa = PBXFileReference; fileEncoding = 4; lastKnownFileType = sourcecode.c.objc; path = DynamicViewController.m; sourceTree = "<group>"; };
		D6759E0C1D138AA400EE5743 /* DynamicViewController.xib */ = {isa = PBXFileReference; fileEncoding = 4; lastKnownFileType = file.xib; path = DynamicViewController.xib; sourceTree = "<group>"; };
		D6759E0D1D138AA400EE5743 /* StoriesTableViewController.h */ = {isa = PBXFileReference; fileEncoding = 4; lastKnownFileType = sourcecode.c.h; path = StoriesTableViewController.h; sourceTree = "<group>"; };
		D6759E0E1D138AA400EE5743 /* StoriesTableViewController.m */ = {isa = PBXFileReference; fileEncoding = 4; lastKnownFileType = sourcecode.c.objc; path = StoriesTableViewController.m; sourceTree = "<group>"; };
		D6759E101D138AA400EE5743 /* StoriesModel.h */ = {isa = PBXFileReference; fileEncoding = 4; lastKnownFileType = sourcecode.c.h; path = StoriesModel.h; sourceTree = "<group>"; };
		D6759E111D138AA400EE5743 /* StoriesModel.m */ = {isa = PBXFileReference; fileEncoding = 4; lastKnownFileType = sourcecode.c.objc; path = StoriesModel.m; sourceTree = "<group>"; };
		D6759E131D138AA400EE5743 /* StoriesViewCell.h */ = {isa = PBXFileReference; fileEncoding = 4; lastKnownFileType = sourcecode.c.h; path = StoriesViewCell.h; sourceTree = "<group>"; };
		D6759E141D138AA400EE5743 /* StoriesViewCell.m */ = {isa = PBXFileReference; fileEncoding = 4; lastKnownFileType = sourcecode.c.objc; path = StoriesViewCell.m; sourceTree = "<group>"; };
		D6759E151D138AA400EE5743 /* StoriesViewCell.xib */ = {isa = PBXFileReference; fileEncoding = 4; lastKnownFileType = file.xib; path = StoriesViewCell.xib; sourceTree = "<group>"; };
		D6759E181D138AA400EE5743 /* ActionTableViewCell.h */ = {isa = PBXFileReference; fileEncoding = 4; lastKnownFileType = sourcecode.c.h; path = ActionTableViewCell.h; sourceTree = "<group>"; };
		D6759E191D138AA400EE5743 /* ActionTableViewCell.m */ = {isa = PBXFileReference; fileEncoding = 4; lastKnownFileType = sourcecode.c.objc; path = ActionTableViewCell.m; sourceTree = "<group>"; };
		D6759E1A1D138AA400EE5743 /* ActionTableViewCell.xib */ = {isa = PBXFileReference; fileEncoding = 4; lastKnownFileType = file.xib; path = ActionTableViewCell.xib; sourceTree = "<group>"; };
		D6759E1B1D138AA400EE5743 /* LoginViewController.h */ = {isa = PBXFileReference; fileEncoding = 4; lastKnownFileType = sourcecode.c.h; path = LoginViewController.h; sourceTree = "<group>"; };
		D6759E1C1D138AA400EE5743 /* LoginViewController.m */ = {isa = PBXFileReference; fileEncoding = 4; lastKnownFileType = sourcecode.c.objc; path = LoginViewController.m; sourceTree = "<group>"; };
		D6759E1D1D138AA400EE5743 /* LoginViewController.xib */ = {isa = PBXFileReference; fileEncoding = 4; lastKnownFileType = file.xib; path = LoginViewController.xib; sourceTree = "<group>"; };
		D6759E1E1D138AA400EE5743 /* registViewController.h */ = {isa = PBXFileReference; fileEncoding = 4; lastKnownFileType = sourcecode.c.h; path = registViewController.h; sourceTree = "<group>"; };
		D6759E1F1D138AA400EE5743 /* registViewController.m */ = {isa = PBXFileReference; fileEncoding = 4; lastKnownFileType = sourcecode.c.objc; path = registViewController.m; sourceTree = "<group>"; };
		D6759E201D138AA400EE5743 /* registViewController.xib */ = {isa = PBXFileReference; fileEncoding = 4; lastKnownFileType = file.xib; path = registViewController.xib; sourceTree = "<group>"; };
		D6759E251D138AA400EE5743 /* User.h */ = {isa = PBXFileReference; fileEncoding = 4; lastKnownFileType = sourcecode.c.h; path = User.h; sourceTree = "<group>"; };
		D6759E261D138AA400EE5743 /* User.m */ = {isa = PBXFileReference; fileEncoding = 4; lastKnownFileType = sourcecode.c.objc; path = User.m; sourceTree = "<group>"; };
		D68BE2EB1D13946F00266260 /* iconfont-dingwei@2x.png */ = {isa = PBXFileReference; lastKnownFileType = image.png; path = "iconfont-dingwei@2x.png"; sourceTree = "<group>"; };
		D68BE2EC1D13946F00266260 /* iconfont-fuwuxiangqing@2x.png */ = {isa = PBXFileReference; lastKnownFileType = image.png; path = "iconfont-fuwuxiangqing@2x.png"; sourceTree = "<group>"; };
		D68BE2ED1D13946F00266260 /* iconfont-shijian@2x.png */ = {isa = PBXFileReference; lastKnownFileType = image.png; path = "iconfont-shijian@2x.png"; sourceTree = "<group>"; };
		D68BE2EE1D13946F00266260 /* sanjiaoyou@2x.png */ = {isa = PBXFileReference; lastKnownFileType = image.png; path = "sanjiaoyou@2x.png"; sourceTree = "<group>"; };
		D6BBDE6B1D14DC97006DC13B /* citydict.plist */ = {isa = PBXFileReference; fileEncoding = 4; lastKnownFileType = text.plist.xml; path = citydict.plist; sourceTree = "<group>"; };
		D6BBDE6D1D14E155006DC13B /* CityListTableViewController.h */ = {isa = PBXFileReference; fileEncoding = 4; lastKnownFileType = sourcecode.c.h; path = CityListTableViewController.h; sourceTree = "<group>"; };
		D6BBDE6E1D14E155006DC13B /* CityListTableViewController.m */ = {isa = PBXFileReference; fileEncoding = 4; lastKnownFileType = sourcecode.c.objc; path = CityListTableViewController.m; sourceTree = "<group>"; };
/* End PBXFileReference section */

/* Begin PBXFrameworksBuildPhase section */
		D6759D661D13874900EE5743 /* Frameworks */ = {
			isa = PBXFrameworksBuildPhase;
			buildActionMask = 2147483647;
			files = (
				E42AB131DA8D9871C2CAD30E /* libPods-newProject.a in Frameworks */,
			);
			runOnlyForDeploymentPostprocessing = 0;
		};
/* End PBXFrameworksBuildPhase section */

/* Begin PBXGroup section */
		69557D451D177F4300C57A61 /* 个人页面图片 */ = {
			isa = PBXGroup;
			children = (
				69557D461D177F4300C57A61 /* 关于我们.png */,
				69557D471D177F4300C57A61 /* 夜间模式.png */,
				69557D481D177F4300C57A61 /* 完善信息.png */,
				69557D491D177F4300C57A61 /* 收藏.png */,
				69557D4A1D177F4300C57A61 /* 清除缓存.png */,
				69557D4B1D177F4300C57A61 /* 版本更新.png */,
			);
			path = "个人页面图片";
			sourceTree = "<group>";
		};
		69C95C121D18DB310092E1E6 /* General */ = {
			isa = PBXGroup;
			children = (
				69C95C131D18DB310092E1E6 /* GifHUD */,
			);
			path = General;
			sourceTree = "<group>";
		};
		69C95C131D18DB310092E1E6 /* GifHUD */ = {
			isa = PBXGroup;
			children = (
				69C95C141D18DB310092E1E6 /* GiFHUD.h */,
				69C95C151D18DB310092E1E6 /* GiFHUD.m */,
				69C95C161D18DB310092E1E6 /* pika.gif */,
				69C95C171D18DB310092E1E6 /* qiche.gif */,
			);
			path = GifHUD;
			sourceTree = "<group>";
		};
		D19FD1FC1D141B8C00640D4B /* Navigation */ = {
			isa = PBXGroup;
			children = (
				D19FD1FD1D141BA200640D4B /* NavigationViewController.h */,
				D19FD1FE1D141BA200640D4B /* NavigationViewController.m */,
				D19FD1FF1D141BA200640D4B /* NavigationViewController.xib */,
			);
			path = Navigation;
			sourceTree = "<group>";
		};
		D19FD2021D141C4A00640D4B /* Path */ = {
			isa = PBXGroup;
			children = (
				D19FD2031D141C5800640D4B /* PathViewController.h */,
				D19FD2041D141C5800640D4B /* PathViewController.m */,
				D19FD2051D141C5800640D4B /* PathViewController.xib */,
			);
			path = Path;
			sourceTree = "<group>";
		};
		D19FD2081D141CA500640D4B /* Location */ = {
			isa = PBXGroup;
			children = (
				D19FD2091D141CB200640D4B /* LocationViewController.h */,
				D19FD20A1D141CB200640D4B /* LocationViewController.m */,
				D19FD20B1D141CB200640D4B /* LocationViewController.xib */,
			);
			path = Location;
			sourceTree = "<group>";
		};
		D6759D601D13874900EE5743 = {
			isa = PBXGroup;
			children = (
				D6759D831D138AA300EE5743 /* Classes */,
				D6759D6B1D13874900EE5743 /* newProject */,
				D6759D6A1D13874900EE5743 /* Products */,
				D96BF38204FDA2DAB37F3B7D /* Pods */,
				DB35154BC0566986A56398C3 /* Frameworks */,
			);
			sourceTree = "<group>";
		};
		D6759D6A1D13874900EE5743 /* Products */ = {
			isa = PBXGroup;
			children = (
				D6759D691D13874900EE5743 /* newProject.app */,
			);
			name = Products;
			sourceTree = "<group>";
		};
		D6759D6B1D13874900EE5743 /* newProject */ = {
			isa = PBXGroup;
			children = (
				D6759D721D13874900EE5743 /* ViewController.h */,
				D6759D731D13874900EE5743 /* ViewController.m */,
				D6759D751D13874900EE5743 /* Main.storyboard */,
				D6759D781D13874900EE5743 /* Assets.xcassets */,
				D6759D7A1D13874900EE5743 /* LaunchScreen.storyboard */,
				D6759D7D1D13874900EE5743 /* Info.plist */,
				D6759D6C1D13874900EE5743 /* Supporting Files */,
			);
			path = newProject;
			sourceTree = "<group>";
		};
		D6759D6C1D13874900EE5743 /* Supporting Files */ = {
			isa = PBXGroup;
			children = (
				D6759D6D1D13874900EE5743 /* main.m */,
			);
			name = "Supporting Files";
			sourceTree = "<group>";
		};
		D6759D831D138AA300EE5743 /* Classes */ = {
			isa = PBXGroup;
			children = (
				69C95C121D18DB310092E1E6 /* General */,
				D6759D841D138AA400EE5743 /* AppDelegate */,
				D6759D8D1D138AA400EE5743 /* Helpers */,
				D6759D921D138AA400EE5743 /* Resources */,
				D6759DB71D138AA400EE5743 /* Scenes */,
			);
			name = Classes;
			path = newProject/Classes;
			sourceTree = "<group>";
		};
		D6759D841D138AA400EE5743 /* AppDelegate */ = {
			isa = PBXGroup;
			children = (
				D6759D851D138AA400EE5743 /* AppDelegate.h */,
				D6759D861D138AA400EE5743 /* AppDelegate.m */,
				D6759D871D138AA400EE5743 /* CustomTabBar.h */,
				D6759D881D138AA400EE5743 /* CustomTabBar.m */,
				D6759D891D138AA400EE5743 /* RootViewController.h */,
				D6759D8A1D138AA400EE5743 /* RootViewController.m */,
				D6759D8B1D138AA400EE5743 /* SendButton.h */,
				D6759D8C1D138AA400EE5743 /* SendButton.m */,
			);
			path = AppDelegate;
			sourceTree = "<group>";
		};
		D6759D8D1D138AA400EE5743 /* Helpers */ = {
			isa = PBXGroup;
			children = (
				D6759D8E1D138AA400EE5743 /* HP_DataBaseTool.h */,
				D6759D8F1D138AA400EE5743 /* HP_DataBaseTool.m */,
				D6759D901D138AA400EE5743 /* UIImage+imageContentWithColor.h */,
				D6759D911D138AA400EE5743 /* UIImage+imageContentWithColor.m */,
			);
			path = Helpers;
			sourceTree = "<group>";
		};
		D6759D921D138AA400EE5743 /* Resources */ = {
			isa = PBXGroup;
			children = (
				69C95C1B1D18E46D0092E1E6 /* 详情页面背景.jpg */,
				69557D451D177F4300C57A61 /* 个人页面图片 */,
				D63FC11D1D14E7010054ABBA /* DefaultAvatar.png */,
				D63FC11E1D14E7010054ABBA /* DefaultAvatar@2x.png */,
				D6759D931D138AA400EE5743 /* 2.jpg */,
				D6759D941D138AA400EE5743 /* 3.jpg */,
				D6759D951D138AA400EE5743 /* 4.jpg */,
				D68BE2EB1D13946F00266260 /* iconfont-dingwei@2x.png */,
				D68BE2EC1D13946F00266260 /* iconfont-fuwuxiangqing@2x.png */,
				D68BE2ED1D13946F00266260 /* iconfont-shijian@2x.png */,
				D68BE2EE1D13946F00266260 /* sanjiaoyou@2x.png */,
				D6759D961D138AA400EE5743 /* a0146d086e061d95e1a708c179f40ad163d9ca7f.jpg */,
				D6759D971D138AA400EE5743 /* fujin.jpg */,
				D63FC1231D14EFE00054ABBA /* 个人页背景.jpg */,
				D6759D991D138AA400EE5743 /* Unknown.png */,
				D6759D9B1D138AA400EE5743 /* 个人 (1).png */,
				D63FC1211D14EEC50054ABBA /* 下一页.png */,
				D6759D9C1D138AA400EE5743 /* 个人 (2).png */,
				D6759D9D1D138AA400EE5743 /* 主页(4).png */,
				D6759D9E1D138AA400EE5743 /* 主页.png */,
				D6759D9F1D138AA400EE5743 /* 位置.png */,
				D6759DA01D138AA400EE5743 /* 保存 (1).png */,
				D6759DA11D138AA400EE5743 /* 全国按钮@2x.png */,
				D6759DA21D138AA400EE5743 /* 加号.png */,
				D6759DA31D138AA400EE5743 /* 反馈.png */,
				D6759DA41D138AA400EE5743 /* 发布 (1).png */,
				D6759DA51D138AA400EE5743 /* 发布.png */,
				D6759DA61D138AA400EE5743 /* 发现.png */,
				D6759DA71D138AA400EE5743 /* 向右.png */,
				D6759DA81D138AA400EE5743 /* 图片.png */,
				D6759DA91D138AA400EE5743 /* 地图 (3).png */,
				D6759DAA1D138AA400EE5743 /* 地图.png */,
				D6759DAB1D138AA400EE5743 /* 头像.png */,
				D6759DAC1D138AA400EE5743 /* 密码2.png */,
				D6759DAE1D138AA400EE5743 /* 拍照按钮 (1).png */,
				D6759DAF1D138AA400EE5743 /* 拍照按钮 (2).png */,
				D6759DB01D138AA400EE5743 /* 景点.png */,
				D6759DB21D138AA400EE5743 /* 用户2.png */,
				D6759DB31D138AA400EE5743 /* 目的地.png */,
				D6759DB41D138AA400EE5743 /* 背景.jpg */,
				D6759DB51D138AA400EE5743 /* 返回 (2).png */,
				D6759DB61D138AA400EE5743 /* 返回.png */,
			);
			path = Resources;
			sourceTree = "<group>";
		};
		D6759DB71D138AA400EE5743 /* Scenes */ = {
			isa = PBXGroup;
			children = (
				D6759DB81D138AA400EE5743 /* Host */,
				D6759DE31D138AA400EE5743 /* Map */,
				D6759E081D138AA400EE5743 /* stories */,
				D6759E161D138AA400EE5743 /* User */,
			);
			path = Scenes;
			sourceTree = "<group>";
		};
		D6759DB81D138AA400EE5743 /* Host */ = {
			isa = PBXGroup;
			children = (
				D6BBDE6B1D14DC97006DC13B /* citydict.plist */,
				D6759DB91D138AA400EE5743 /* Controller */,
				D6759DC31D138AA400EE5743 /* Model */,
				D6759DCE1D138AA400EE5743 /* View */,
			);
			path = Host;
			sourceTree = "<group>";
		};
		D6759DB91D138AA400EE5743 /* Controller */ = {
			isa = PBXGroup;
			children = (
				D6759DBA1D138AA400EE5743 /* destinationViewController.h */,
				D6759DBB1D138AA400EE5743 /* destinationViewController.m */,
				D6759DBC1D138AA400EE5743 /* destinationViewController.xib */,
				D6759DBD1D138AA400EE5743 /* HostViewController.h */,
				D6759DBE1D138AA400EE5743 /* HostViewController.m */,
				D6759DBF1D138AA400EE5743 /* HostViewController.xib */,
				D6759DC01D138AA400EE5743 /* SceneryDetailViewController.h */,
				D6759DC11D138AA400EE5743 /* SceneryDetailViewController.m */,
				D6759DC21D138AA400EE5743 /* SceneryDetailViewController.xib */,
				D6BBDE6D1D14E155006DC13B /* CityListTableViewController.h */,
				D6BBDE6E1D14E155006DC13B /* CityListTableViewController.m */,
			);
			path = Controller;
			sourceTree = "<group>";
		};
		D6759DC31D138AA400EE5743 /* Model */ = {
			isa = PBXGroup;
			children = (
				D6759DC41D138AA400EE5743 /* CityDetail.h */,
				D6759DC51D138AA400EE5743 /* CityDetail.m */,
				D6759DC61D138AA400EE5743 /* CityHotSeneryModel.h */,
				D6759DC71D138AA400EE5743 /* CityHotSeneryModel.m */,
				D6759DC81D138AA400EE5743 /* CityNAmeModel.h */,
				D6759DC91D138AA400EE5743 /* CityNAmeModel.m */,
				D6759DCA1D138AA400EE5743 /* SceneryModel.h */,
				D6759DCB1D138AA400EE5743 /* SceneryModel.m */,
				D6759DCC1D138AA400EE5743 /* ScrollModel.h */,
				D6759DCD1D138AA400EE5743 /* ScrollModel.m */,
			);
			path = Model;
			sourceTree = "<group>";
		};
		D6759DCE1D138AA400EE5743 /* View */ = {
			isa = PBXGroup;
			children = (
				D6759DCF1D138AA400EE5743 /* CityDetailCell.h */,
				D6759DD01D138AA400EE5743 /* CityDetailCell.m */,
				D6759DD11D138AA400EE5743 /* CityDetailCell.xib */,
				D6759DD21D138AA400EE5743 /* CityDetailViewController.h */,
				D6759DD31D138AA400EE5743 /* CityDetailViewController.m */,
				D6759DD41D138AA400EE5743 /* CityDetailViewController.xib */,
				D6759DD51D138AA400EE5743 /* CityHotSeneryTableViewCell.h */,
				D6759DD61D138AA400EE5743 /* CityHotSeneryTableViewCell.m */,
				D6759DD71D138AA400EE5743 /* CityHotSeneryTableViewCell.xib */,
				D6759DD81D138AA400EE5743 /* CityNameCell.h */,
				D6759DD91D138AA400EE5743 /* CityNameCell.m */,
				D6759DDA1D138AA400EE5743 /* CityNameCell.xib */,
				D6759DDB1D138AA400EE5743 /* feedbackViewController.h */,
				D6759DDC1D138AA400EE5743 /* feedbackViewController.m */,
				D6759DDD1D138AA400EE5743 /* feedbackViewController.xib */,
				D6759DDE1D138AA400EE5743 /* SceneryCell.h */,
				D6759DDF1D138AA400EE5743 /* SceneryCell.m */,
				D6759DE01D138AA400EE5743 /* SceneryCell.xib */,
				D6759DE11D138AA400EE5743 /* ScrollDetailViewController.h */,
				D6759DE21D138AA400EE5743 /* ScrollDetailViewController.m */,
			);
			path = View;
			sourceTree = "<group>";
		};
		D6759DE31D138AA400EE5743 /* Map */ = {
			isa = PBXGroup;
			children = (
				D6759DE41D138AA400EE5743 /* Controller */,
				D6759DF31D138AA400EE5743 /* Model */,
				D6759DFD1D138AA400EE5743 /* View */,
			);
			path = Map;
			sourceTree = "<group>";
		};
		D6759DE41D138AA400EE5743 /* Controller */ = {
			isa = PBXGroup;
			children = (
				D19FD2081D141CA500640D4B /* Location */,
				D19FD2021D141C4A00640D4B /* Path */,
				D19FD1FC1D141B8C00640D4B /* Navigation */,
				D6759DE51D138AA400EE5743 /* Address */,
				D6759DE81D138AA400EE5743 /* MapViewController.h */,
				D6759DE91D138AA400EE5743 /* MapViewController.m */,
				D6759DEA1D138AA400EE5743 /* MapViewController.xib */,
				D6759DEC1D138AA400EE5743 /* Nearby */,
			);
			path = Controller;
			sourceTree = "<group>";
		};
		D6759DE51D138AA400EE5743 /* Address */ = {
			isa = PBXGroup;
			children = (
				D6759DE61D138AA400EE5743 /* AddressViewController.h */,
				D6759DE71D138AA400EE5743 /* AddressViewController.m */,
			);
			path = Address;
			sourceTree = "<group>";
		};
		D6759DEC1D138AA400EE5743 /* Nearby */ = {
			isa = PBXGroup;
			children = (
				D6759DED1D138AA400EE5743 /* SearchListViewController.h */,
				D6759DEE1D138AA400EE5743 /* SearchListViewController.m */,
				D6759DEF1D138AA400EE5743 /* SearchListViewController.xib */,
				D6759DF01D138AA400EE5743 /* SearchViewController.h */,
				D6759DF11D138AA400EE5743 /* SearchViewController.m */,
				D6759DF21D138AA400EE5743 /* SearchViewController.xib */,
			);
			path = Nearby;
			sourceTree = "<group>";
		};
		D6759DF31D138AA400EE5743 /* Model */ = {
			isa = PBXGroup;
			children = (
				D6759DF41D138AA400EE5743 /* address_0.jpg */,
				D6759DF51D138AA400EE5743 /* food.jpg */,
				D6759DF61D138AA400EE5743 /* hotel.jpg */,
				D6759DF71D138AA400EE5743 /* life.png */,
				D6759DF81D138AA400EE5743 /* navigation.png */,
				D6759DF91D138AA400EE5743 /* nearby.png */,
				D6759DFA1D138AA400EE5743 /* relax.jpg */,
				D6759DFB1D138AA400EE5743 /* route.png */,
				D6759DFC1D138AA400EE5743 /* traffic.jpg */,
			);
			path = Model;
			sourceTree = "<group>";
		};
		D6759DFD1D138AA400EE5743 /* View */ = {
			isa = PBXGroup;
			children = (
				D19FD1F41D14134E00640D4B /* HomeCollectionViewCell.h */,
				D19FD1F51D14134E00640D4B /* HomeCollectionViewCell.m */,
				D6759DFE1D138AA400EE5743 /* LYYSearchBar.h */,
				D6759DFF1D138AA400EE5743 /* LYYSearchBar.m */,
				D6759E001D138AA400EE5743 /* SearchListTableViewCell.h */,
				D6759E011D138AA400EE5743 /* SearchListTableViewCell.m */,
				D6759E021D138AA400EE5743 /* SearchListTableViewCell.xib */,
				D6759E031D138AA400EE5743 /* SearchTableViewCell.h */,
				D6759E041D138AA400EE5743 /* SearchTableViewCell.m */,
				D6759E051D138AA400EE5743 /* SearchTableViewCell.xib */,
				D6759E061D138AA400EE5743 /* UserLocationManager.h */,
				D6759E071D138AA400EE5743 /* UserLocationManager.m */,
			);
			path = View;
			sourceTree = "<group>";
		};
		D6759E081D138AA400EE5743 /* stories */ = {
			isa = PBXGroup;
			children = (
				D6759E091D138AA400EE5743 /* controllers */,
				D6759E0F1D138AA400EE5743 /* model */,
				D6759E121D138AA400EE5743 /* view */,
			);
			path = stories;
			sourceTree = "<group>";
		};
		D6759E091D138AA400EE5743 /* controllers */ = {
			isa = PBXGroup;
			children = (
				D6759E0A1D138AA400EE5743 /* DynamicViewController.h */,
				D6759E0B1D138AA400EE5743 /* DynamicViewController.m */,
				D6759E0C1D138AA400EE5743 /* DynamicViewController.xib */,
				D6759E0D1D138AA400EE5743 /* StoriesTableViewController.h */,
				D6759E0E1D138AA400EE5743 /* StoriesTableViewController.m */,
				69557D571D178E4400C57A61 /* DetailsViewController.h */,
				69557D581D178E4400C57A61 /* DetailsViewController.m */,
				69557D591D178E4400C57A61 /* DetailsViewController.xib */,
			);
			path = controllers;
			sourceTree = "<group>";
		};
		D6759E0F1D138AA400EE5743 /* model */ = {
			isa = PBXGroup;
			children = (
				D6759E101D138AA400EE5743 /* StoriesModel.h */,
				D6759E111D138AA400EE5743 /* StoriesModel.m */,
			);
			path = model;
			sourceTree = "<group>";
		};
		D6759E121D138AA400EE5743 /* view */ = {
			isa = PBXGroup;
			children = (
				D6759E131D138AA400EE5743 /* StoriesViewCell.h */,
				D6759E141D138AA400EE5743 /* StoriesViewCell.m */,
				D6759E151D138AA400EE5743 /* StoriesViewCell.xib */,
			);
			path = view;
			sourceTree = "<group>";
		};
		D6759E161D138AA400EE5743 /* User */ = {
			isa = PBXGroup;
			children = (
				D6759E171D138AA400EE5743 /* Controller */,
				D6759E241D138AA400EE5743 /* Model */,
			);
			path = User;
			sourceTree = "<group>";
		};
		D6759E171D138AA400EE5743 /* Controller */ = {
			isa = PBXGroup;
			children = (
				7E36B5401D17CEC60090921E /* PerfectInformationViewController.h */,
				7E36B5411D17CEC60090921E /* PerfectInformationViewController.m */,
				7E36B5421D17CEC60090921E /* PerfectInformationViewController.xib */,
				69557D3E1D177CBD00C57A61 /* User1ViewController.h */,
				69557D3F1D177CBD00C57A61 /* User1ViewController.m */,
				69557D401D177CBD00C57A61 /* User1ViewController.xib */,
				D6759E181D138AA400EE5743 /* ActionTableViewCell.h */,
				D6759E191D138AA400EE5743 /* ActionTableViewCell.m */,
				D6759E1A1D138AA400EE5743 /* ActionTableViewCell.xib */,
				D6759E1B1D138AA400EE5743 /* LoginViewController.h */,
				D6759E1C1D138AA400EE5743 /* LoginViewController.m */,
				D6759E1D1D138AA400EE5743 /* LoginViewController.xib */,
				D6759E1E1D138AA400EE5743 /* registViewController.h */,
				D6759E1F1D138AA400EE5743 /* registViewController.m */,
				D6759E201D138AA400EE5743 /* registViewController.xib */,
			);
			path = Controller;
			sourceTree = "<group>";
		};
		D6759E241D138AA400EE5743 /* Model */ = {
			isa = PBXGroup;
			children = (
				D6759E251D138AA400EE5743 /* User.h */,
				D6759E261D138AA400EE5743 /* User.m */,
			);
			path = Model;
			sourceTree = "<group>";
		};
		D96BF38204FDA2DAB37F3B7D /* Pods */ = {
			isa = PBXGroup;
			children = (
				13D49E79225E4C28AA882498 /* Pods-newProject.debug.xcconfig */,
				BEEE2EC124AD750F856F4931 /* Pods-newProject.release.xcconfig */,
			);
			name = Pods;
			sourceTree = "<group>";
		};
		DB35154BC0566986A56398C3 /* Frameworks */ = {
			isa = PBXGroup;
			children = (
				2828988210866BDBCD7CCAAC /* libPods-newProject.a */,
			);
			name = Frameworks;
			sourceTree = "<group>";
		};
/* End PBXGroup section */

/* Begin PBXNativeTarget section */
		D6759D681D13874900EE5743 /* newProject */ = {
			isa = PBXNativeTarget;
			buildConfigurationList = D6759D801D13874900EE5743 /* Build configuration list for PBXNativeTarget "newProject" */;
			buildPhases = (
				01B81B9D7371704D7870DA30 /* 📦 Check Pods Manifest.lock */,
				D6759D651D13874900EE5743 /* Sources */,
				D6759D661D13874900EE5743 /* Frameworks */,
				D6759D671D13874900EE5743 /* Resources */,
				4FE3F9A41584F475EF1521B0 /* 📦 Embed Pods Frameworks */,
				2F6CA4EDBFA5614A2842EF2C /* 📦 Copy Pods Resources */,
			);
			buildRules = (
			);
			dependencies = (
			);
			name = newProject;
			productName = newProject;
			productReference = D6759D691D13874900EE5743 /* newProject.app */;
			productType = "com.apple.product-type.application";
		};
/* End PBXNativeTarget section */

/* Begin PBXProject section */
		D6759D611D13874900EE5743 /* Project object */ = {
			isa = PBXProject;
			attributes = {
				LastUpgradeCheck = 0720;
				ORGANIZATIONNAME = hupan;
				TargetAttributes = {
					D6759D681D13874900EE5743 = {
						CreatedOnToolsVersion = 7.2;
						DevelopmentTeam = 6C9LHVFQEM;
					};
				};
			};
			buildConfigurationList = D6759D641D13874900EE5743 /* Build configuration list for PBXProject "newProject" */;
			compatibilityVersion = "Xcode 3.2";
			developmentRegion = English;
			hasScannedForEncodings = 0;
			knownRegions = (
				en,
				Base,
			);
			mainGroup = D6759D601D13874900EE5743;
			productRefGroup = D6759D6A1D13874900EE5743 /* Products */;
			projectDirPath = "";
			projectRoot = "";
			targets = (
				D6759D681D13874900EE5743 /* newProject */,
			);
		};
/* End PBXProject section */

/* Begin PBXResourcesBuildPhase section */
		D6759D671D13874900EE5743 /* Resources */ = {
			isa = PBXResourcesBuildPhase;
			buildActionMask = 2147483647;
			files = (
				D6759E4D1D138AA400EE5743 /* 目的地.png in Resources */,
				D6BBDE6C1D14DC97006DC13B /* citydict.plist in Resources */,
				D6759E301D138AA400EE5743 /* a0146d086e061d95e1a708c179f40ad163d9ca7f.jpg in Resources */,
				D68BE2F11D13946F00266260 /* iconfont-shijian@2x.png in Resources */,
				D6759E8A1D138AA400EE5743 /* registViewController.xib in Resources */,
				D6759E881D138AA400EE5743 /* LoginViewController.xib in Resources */,
				69557D501D177F4300C57A61 /* 清除缓存.png in Resources */,
				D6759E441D138AA400EE5743 /* 地图.png in Resources */,
				D6759E371D138AA400EE5743 /* 主页(4).png in Resources */,
				D6759E3B1D138AA400EE5743 /* 全国按钮@2x.png in Resources */,
				D6759E711D138AA400EE5743 /* food.jpg in Resources */,
				D6759E361D138AA400EE5743 /* 个人 (2).png in Resources */,
				D6759E2F1D138AA400EE5743 /* 4.jpg in Resources */,
				D6759E841D138AA400EE5743 /* StoriesViewCell.xib in Resources */,
				D6759E461D138AA400EE5743 /* 密码2.png in Resources */,
				D19FD20D1D141CB200640D4B /* LocationViewController.xib in Resources */,
				D6759E741D138AA400EE5743 /* navigation.png in Resources */,
				69C95C1A1D18DB310092E1E6 /* qiche.gif in Resources */,
				D6759E761D138AA400EE5743 /* relax.jpg in Resources */,
				D6759E421D138AA400EE5743 /* 图片.png in Resources */,
				D19FD2071D141C5800640D4B /* PathViewController.xib in Resources */,
				D6759E671D138AA400EE5743 /* SceneryCell.xib in Resources */,
				D63FC11F1D14E7010054ABBA /* DefaultAvatar.png in Resources */,
				69C95C191D18DB310092E1E6 /* pika.gif in Resources */,
				D6759E7D1D138AA400EE5743 /* SearchTableViewCell.xib in Resources */,
				D6759E411D138AA400EE5743 /* 向右.png in Resources */,
				D6759E6B1D138AA400EE5743 /* MapViewController.xib in Resources */,
				69557D511D177F4300C57A61 /* 版本更新.png in Resources */,
				D6759E451D138AA400EE5743 /* 头像.png in Resources */,
				D19FD2011D141BA200640D4B /* NavigationViewController.xib in Resources */,
				D6759E391D138AA400EE5743 /* 位置.png in Resources */,
				D6759E561D138AA400EE5743 /* SceneryDetailViewController.xib in Resources */,
				D6759E501D138AA400EE5743 /* 返回.png in Resources */,
				D6759E3A1D138AA400EE5743 /* 保存 (1).png in Resources */,
				69557D4F1D177F4300C57A61 /* 收藏.png in Resources */,
				D6759E491D138AA400EE5743 /* 拍照按钮 (2).png in Resources */,
				D6759E2E1D138AA400EE5743 /* 3.jpg in Resources */,
				D6759E381D138AA400EE5743 /* 主页.png in Resources */,
				D6759E431D138AA400EE5743 /* 地图 (3).png in Resources */,
				D63FC1201D14E7010054ABBA /* DefaultAvatar@2x.png in Resources */,
				D6759E4E1D138AA400EE5743 /* 背景.jpg in Resources */,
				D6759E611D138AA400EE5743 /* CityHotSeneryTableViewCell.xib in Resources */,
				D68BE2EF1D13946F00266260 /* iconfont-dingwei@2x.png in Resources */,
				69557D4E1D177F4300C57A61 /* 完善信息.png in Resources */,
				D6759E651D138AA400EE5743 /* feedbackViewController.xib in Resources */,
				7E36B5441D17CEC60090921E /* PerfectInformationViewController.xib in Resources */,
				D6759E401D138AA400EE5743 /* 发现.png in Resources */,
				D6759E721D138AA400EE5743 /* hotel.jpg in Resources */,
				D6759E351D138AA400EE5743 /* 个人 (1).png in Resources */,
				D68BE2F01D13946F00266260 /* iconfont-fuwuxiangqing@2x.png in Resources */,
				D6759E631D138AA400EE5743 /* CityNameCell.xib in Resources */,
				D6759E5F1D138AA400EE5743 /* CityDetailViewController.xib in Resources */,
				D6759E4F1D138AA400EE5743 /* 返回 (2).png in Resources */,
				D63FC1221D14EEC50054ABBA /* 下一页.png in Resources */,
				D6759E3D1D138AA400EE5743 /* 反馈.png in Resources */,
				D6759E6F1D138AA400EE5743 /* SearchViewController.xib in Resources */,
				D6759E751D138AA400EE5743 /* nearby.png in Resources */,
				D6759E6D1D138AA400EE5743 /* SearchListViewController.xib in Resources */,
				D6759E541D138AA400EE5743 /* HostViewController.xib in Resources */,
				D68BE2F21D13946F00266260 /* sanjiaoyou@2x.png in Resources */,
				D6759D7C1D13874900EE5743 /* LaunchScreen.storyboard in Resources */,
				69557D4C1D177F4300C57A61 /* 关于我们.png in Resources */,
				D6759E7B1D138AA400EE5743 /* SearchListTableViewCell.xib in Resources */,
				D6759E781D138AA400EE5743 /* traffic.jpg in Resources */,
				D6759E771D138AA400EE5743 /* route.png in Resources */,
				D6759E801D138AA400EE5743 /* DynamicViewController.xib in Resources */,
				D6759E3F1D138AA400EE5743 /* 发布.png in Resources */,
				D6759E4A1D138AA400EE5743 /* 景点.png in Resources */,
				D63FC1241D14EFE00054ABBA /* 个人页背景.jpg in Resources */,
				D6759E311D138AA400EE5743 /* fujin.jpg in Resources */,
				69C95C1C1D18E46D0092E1E6 /* 详情页面背景.jpg in Resources */,
				D6759E4C1D138AA400EE5743 /* 用户2.png in Resources */,
				D6759E861D138AA400EE5743 /* ActionTableViewCell.xib in Resources */,
				D6759E3E1D138AA400EE5743 /* 发布 (1).png in Resources */,
				69557D5B1D178E4400C57A61 /* DetailsViewController.xib in Resources */,
				D6759E331D138AA400EE5743 /* Unknown.png in Resources */,
				69557D4D1D177F4300C57A61 /* 夜间模式.png in Resources */,
				D6759E731D138AA400EE5743 /* life.png in Resources */,
				69557D421D177CBD00C57A61 /* User1ViewController.xib in Resources */,
				D6759E3C1D138AA400EE5743 /* 加号.png in Resources */,
				D6759E5D1D138AA400EE5743 /* CityDetailCell.xib in Resources */,
				D6759E481D138AA400EE5743 /* 拍照按钮 (1).png in Resources */,
				D6759D791D13874900EE5743 /* Assets.xcassets in Resources */,
				D6759E2D1D138AA400EE5743 /* 2.jpg in Resources */,
				D6759E701D138AA400EE5743 /* address_0.jpg in Resources */,
				D6759D771D13874900EE5743 /* Main.storyboard in Resources */,
				D6759E521D138AA400EE5743 /* destinationViewController.xib in Resources */,
			);
			runOnlyForDeploymentPostprocessing = 0;
		};
/* End PBXResourcesBuildPhase section */

/* Begin PBXShellScriptBuildPhase section */
		01B81B9D7371704D7870DA30 /* 📦 Check Pods Manifest.lock */ = {
			isa = PBXShellScriptBuildPhase;
			buildActionMask = 2147483647;
			files = (
			);
			inputPaths = (
			);
			name = "📦 Check Pods Manifest.lock";
			outputPaths = (
			);
			runOnlyForDeploymentPostprocessing = 0;
			shellPath = /bin/sh;
			shellScript = "diff \"${PODS_ROOT}/../Podfile.lock\" \"${PODS_ROOT}/Manifest.lock\" > /dev/null\nif [[ $? != 0 ]] ; then\n    cat << EOM\nerror: The sandbox is not in sync with the Podfile.lock. Run 'pod install' or update your CocoaPods installation.\nEOM\n    exit 1\nfi\n";
			showEnvVarsInLog = 0;
		};
		2F6CA4EDBFA5614A2842EF2C /* 📦 Copy Pods Resources */ = {
			isa = PBXShellScriptBuildPhase;
			buildActionMask = 2147483647;
			files = (
			);
			inputPaths = (
			);
			name = "📦 Copy Pods Resources";
			outputPaths = (
			);
			runOnlyForDeploymentPostprocessing = 0;
			shellPath = /bin/sh;
			shellScript = "\"${SRCROOT}/Pods/Target Support Files/Pods-newProject/Pods-newProject-resources.sh\"\n";
			showEnvVarsInLog = 0;
		};
		4FE3F9A41584F475EF1521B0 /* 📦 Embed Pods Frameworks */ = {
			isa = PBXShellScriptBuildPhase;
			buildActionMask = 2147483647;
			files = (
			);
			inputPaths = (
			);
			name = "📦 Embed Pods Frameworks";
			outputPaths = (
			);
			runOnlyForDeploymentPostprocessing = 0;
			shellPath = /bin/sh;
			shellScript = "\"${SRCROOT}/Pods/Target Support Files/Pods-newProject/Pods-newProject-frameworks.sh\"\n";
			showEnvVarsInLog = 0;
		};
/* End PBXShellScriptBuildPhase section */

/* Begin PBXSourcesBuildPhase section */
		D6759D651D13874900EE5743 /* Sources */ = {
			isa = PBXSourcesBuildPhase;
			buildActionMask = 2147483647;
			files = (
				D6759E8D1D138AA400EE5743 /* User.m in Sources */,
				D6759E871D138AA400EE5743 /* LoginViewController.m in Sources */,
				D19FD2001D141BA200640D4B /* NavigationViewController.m in Sources */,
				D19FD20C1D141CB200640D4B /* LocationViewController.m in Sources */,
				D6759E281D138AA400EE5743 /* CustomTabBar.m in Sources */,
				D6759D741D13874900EE5743 /* ViewController.m in Sources */,
				D6759D6E1D13874900EE5743 /* main.m in Sources */,
				D6759E271D138AA400EE5743 /* AppDelegate.m in Sources */,
				69557D411D177CBD00C57A61 /* User1ViewController.m in Sources */,
				D6759E6E1D138AA400EE5743 /* SearchViewController.m in Sources */,
				69C95C181D18DB310092E1E6 /* GiFHUD.m in Sources */,
				D6759E891D138AA400EE5743 /* registViewController.m in Sources */,
				D19FD2061D141C5800640D4B /* PathViewController.m in Sources */,
				D6759E291D138AA400EE5743 /* RootViewController.m in Sources */,
				D6759E2A1D138AA400EE5743 /* SendButton.m in Sources */,
				D6759E531D138AA400EE5743 /* HostViewController.m in Sources */,
				D6759E621D138AA400EE5743 /* CityNameCell.m in Sources */,
				D6759E571D138AA400EE5743 /* CityDetail.m in Sources */,
				D6759E601D138AA400EE5743 /* CityHotSeneryTableViewCell.m in Sources */,
				D6759E5E1D138AA400EE5743 /* CityDetailViewController.m in Sources */,
				D6759E5B1D138AA400EE5743 /* ScrollModel.m in Sources */,
				D6759E821D138AA400EE5743 /* StoriesModel.m in Sources */,
				D6759E2B1D138AA400EE5743 /* HP_DataBaseTool.m in Sources */,
				D6759E511D138AA400EE5743 /* destinationViewController.m in Sources */,
				D6759E681D138AA400EE5743 /* ScrollDetailViewController.m in Sources */,
				D6759E691D138AA400EE5743 /* AddressViewController.m in Sources */,
				69557D5A1D178E4400C57A61 /* DetailsViewController.m in Sources */,
				D6759E2C1D138AA400EE5743 /* UIImage+imageContentWithColor.m in Sources */,
				D6759E661D138AA400EE5743 /* SceneryCell.m in Sources */,
				7E36B5431D17CEC60090921E /* PerfectInformationViewController.m in Sources */,
				D6759E5C1D138AA400EE5743 /* CityDetailCell.m in Sources */,
				D6759E851D138AA400EE5743 /* ActionTableViewCell.m in Sources */,
				D6759E7E1D138AA400EE5743 /* UserLocationManager.m in Sources */,
				D6759E5A1D138AA400EE5743 /* SceneryModel.m in Sources */,
				D19FD1F61D14134E00640D4B /* HomeCollectionViewCell.m in Sources */,
				D6759E7F1D138AA400EE5743 /* DynamicViewController.m in Sources */,
				D6759E581D138AA400EE5743 /* CityHotSeneryModel.m in Sources */,
				D6759E791D138AA400EE5743 /* LYYSearchBar.m in Sources */,
				D6759E7A1D138AA400EE5743 /* SearchListTableViewCell.m in Sources */,
				D6759E551D138AA400EE5743 /* SceneryDetailViewController.m in Sources */,
				D6759E6C1D138AA400EE5743 /* SearchListViewController.m in Sources */,
				D6759E6A1D138AA400EE5743 /* MapViewController.m in Sources */,
				D6759E811D138AA400EE5743 /* StoriesTableViewController.m in Sources */,
				D6BBDE6F1D14E155006DC13B /* CityListTableViewController.m in Sources */,
				D6759E641D138AA400EE5743 /* feedbackViewController.m in Sources */,
				D6759E591D138AA400EE5743 /* CityNAmeModel.m in Sources */,
				D6759E7C1D138AA400EE5743 /* SearchTableViewCell.m in Sources */,
				D6759E831D138AA400EE5743 /* StoriesViewCell.m in Sources */,
			);
			runOnlyForDeploymentPostprocessing = 0;
		};
/* End PBXSourcesBuildPhase section */

/* Begin PBXVariantGroup section */
		D6759D751D13874900EE5743 /* Main.storyboard */ = {
			isa = PBXVariantGroup;
			children = (
				D6759D761D13874900EE5743 /* Base */,
			);
			name = Main.storyboard;
			sourceTree = "<group>";
		};
		D6759D7A1D13874900EE5743 /* LaunchScreen.storyboard */ = {
			isa = PBXVariantGroup;
			children = (
				D6759D7B1D13874900EE5743 /* Base */,
			);
			name = LaunchScreen.storyboard;
			sourceTree = "<group>";
		};
/* End PBXVariantGroup section */

/* Begin XCBuildConfiguration section */
		D6759D7E1D13874900EE5743 /* Debug */ = {
			isa = XCBuildConfiguration;
			buildSettings = {
				ALWAYS_SEARCH_USER_PATHS = NO;
				CLANG_CXX_LANGUAGE_STANDARD = "gnu++0x";
				CLANG_CXX_LIBRARY = "libc++";
				CLANG_ENABLE_MODULES = YES;
				CLANG_ENABLE_OBJC_ARC = YES;
				CLANG_WARN_BOOL_CONVERSION = YES;
				CLANG_WARN_CONSTANT_CONVERSION = YES;
				CLANG_WARN_DIRECT_OBJC_ISA_USAGE = YES_ERROR;
				CLANG_WARN_EMPTY_BODY = YES;
				CLANG_WARN_ENUM_CONVERSION = YES;
				CLANG_WARN_INT_CONVERSION = YES;
				CLANG_WARN_OBJC_ROOT_CLASS = YES_ERROR;
				CLANG_WARN_UNREACHABLE_CODE = YES;
				CLANG_WARN__DUPLICATE_METHOD_MATCH = YES;
				"CODE_SIGN_IDENTITY[sdk=iphoneos*]" = "iPhone Developer";
				COPY_PHASE_STRIP = NO;
				DEBUG_INFORMATION_FORMAT = dwarf;
				ENABLE_STRICT_OBJC_MSGSEND = YES;
				ENABLE_TESTABILITY = YES;
				GCC_C_LANGUAGE_STANDARD = gnu99;
				GCC_DYNAMIC_NO_PIC = NO;
				GCC_NO_COMMON_BLOCKS = YES;
				GCC_OPTIMIZATION_LEVEL = 0;
				GCC_PREPROCESSOR_DEFINITIONS = (
					"DEBUG=1",
					"$(inherited)",
				);
				GCC_WARN_64_TO_32_BIT_CONVERSION = YES;
				GCC_WARN_ABOUT_RETURN_TYPE = YES_ERROR;
				GCC_WARN_UNDECLARED_SELECTOR = YES;
				GCC_WARN_UNINITIALIZED_AUTOS = YES_AGGRESSIVE;
				GCC_WARN_UNUSED_FUNCTION = YES;
				GCC_WARN_UNUSED_VARIABLE = YES;
				IPHONEOS_DEPLOYMENT_TARGET = 9.2;
				MTL_ENABLE_DEBUG_INFO = YES;
				ONLY_ACTIVE_ARCH = YES;
				SDKROOT = iphoneos;
			};
			name = Debug;
		};
		D6759D7F1D13874900EE5743 /* Release */ = {
			isa = XCBuildConfiguration;
			buildSettings = {
				ALWAYS_SEARCH_USER_PATHS = NO;
				CLANG_CXX_LANGUAGE_STANDARD = "gnu++0x";
				CLANG_CXX_LIBRARY = "libc++";
				CLANG_ENABLE_MODULES = YES;
				CLANG_ENABLE_OBJC_ARC = YES;
				CLANG_WARN_BOOL_CONVERSION = YES;
				CLANG_WARN_CONSTANT_CONVERSION = YES;
				CLANG_WARN_DIRECT_OBJC_ISA_USAGE = YES_ERROR;
				CLANG_WARN_EMPTY_BODY = YES;
				CLANG_WARN_ENUM_CONVERSION = YES;
				CLANG_WARN_INT_CONVERSION = YES;
				CLANG_WARN_OBJC_ROOT_CLASS = YES_ERROR;
				CLANG_WARN_UNREACHABLE_CODE = YES;
				CLANG_WARN__DUPLICATE_METHOD_MATCH = YES;
				"CODE_SIGN_IDENTITY[sdk=iphoneos*]" = "iPhone Developer";
				COPY_PHASE_STRIP = NO;
				DEBUG_INFORMATION_FORMAT = "dwarf-with-dsym";
				ENABLE_NS_ASSERTIONS = NO;
				ENABLE_STRICT_OBJC_MSGSEND = YES;
				GCC_C_LANGUAGE_STANDARD = gnu99;
				GCC_NO_COMMON_BLOCKS = YES;
				GCC_WARN_64_TO_32_BIT_CONVERSION = YES;
				GCC_WARN_ABOUT_RETURN_TYPE = YES_ERROR;
				GCC_WARN_UNDECLARED_SELECTOR = YES;
				GCC_WARN_UNINITIALIZED_AUTOS = YES_AGGRESSIVE;
				GCC_WARN_UNUSED_FUNCTION = YES;
				GCC_WARN_UNUSED_VARIABLE = YES;
				IPHONEOS_DEPLOYMENT_TARGET = 9.2;
				MTL_ENABLE_DEBUG_INFO = NO;
				SDKROOT = iphoneos;
				VALIDATE_PRODUCT = YES;
			};
			name = Release;
		};
		D6759D811D13874900EE5743 /* Debug */ = {
			isa = XCBuildConfiguration;
			baseConfigurationReference = 13D49E79225E4C28AA882498 /* Pods-newProject.debug.xcconfig */;
			buildSettings = {
				ASSETCATALOG_COMPILER_APPICON_NAME = AppIcon;
				CODE_SIGN_IDENTITY = "iPhone Developer";
				"CODE_SIGN_IDENTITY[sdk=iphoneos*]" = "iPhone Developer";
				INFOPLIST_FILE = newProject/Info.plist;
				LD_RUNPATH_SEARCH_PATHS = "$(inherited) @executable_path/Frameworks";
				PRODUCT_BUNDLE_IDENTIFIER = sichuguangguang;
				PRODUCT_NAME = "$(TARGET_NAME)";
				PROVISIONING_PROFILE = "";
			};
			name = Debug;
		};
		D6759D821D13874900EE5743 /* Release */ = {
			isa = XCBuildConfiguration;
			baseConfigurationReference = BEEE2EC124AD750F856F4931 /* Pods-newProject.release.xcconfig */;
			buildSettings = {
				ASSETCATALOG_COMPILER_APPICON_NAME = AppIcon;
				CODE_SIGN_IDENTITY = "iPhone Developer";
				"CODE_SIGN_IDENTITY[sdk=iphoneos*]" = "iPhone Developer";
				INFOPLIST_FILE = newProject/Info.plist;
				LD_RUNPATH_SEARCH_PATHS = "$(inherited) @executable_path/Frameworks";
				PRODUCT_BUNDLE_IDENTIFIER = sichuguangguang;
				PRODUCT_NAME = "$(TARGET_NAME)";
				PROVISIONING_PROFILE = "";
			};
			name = Release;
		};
/* End XCBuildConfiguration section */

/* Begin XCConfigurationList section */
		D6759D641D13874900EE5743 /* Build configuration list for PBXProject "newProject" */ = {
			isa = XCConfigurationList;
			buildConfigurations = (
				D6759D7E1D13874900EE5743 /* Debug */,
				D6759D7F1D13874900EE5743 /* Release */,
			);
			defaultConfigurationIsVisible = 0;
			defaultConfigurationName = Release;
		};
		D6759D801D13874900EE5743 /* Build configuration list for PBXNativeTarget "newProject" */ = {
			isa = XCConfigurationList;
			buildConfigurations = (
				D6759D811D13874900EE5743 /* Debug */,
				D6759D821D13874900EE5743 /* Release */,
			);
			defaultConfigurationIsVisible = 0;
			defaultConfigurationName = Release;
		};
/* End XCConfigurationList section */
	};
	rootObject = D6759D611D13874900EE5743 /* Project object */;
}
